// !$*UTF8*$!
{
	archiveVersion = 1;
	classes = {
	};
	objectVersion = 46;
	objects = {

/* Begin PBXBuildFile section */
		1D3623260D0F684500981E51 /* SwimmingTimeStandardsAppDelegate.m in Sources */ = {isa = PBXBuildFile; fileRef = 1D3623250D0F684500981E51 /* SwimmingTimeStandardsAppDelegate.m */; };
		1D60589B0D05DD56006BFB54 /* main.m in Sources */ = {isa = PBXBuildFile; fileRef = 29B97316FDCFA39411CA2CEA /* main.m */; };
		1D60589F0D05DD5A006BFB54 /* Foundation.framework in Frameworks */ = {isa = PBXBuildFile; fileRef = 1D30AB110D05D00D00671497 /* Foundation.framework */; };
		1DF5F4E00D08C38300B7A737 /* UIKit.framework in Frameworks */ = {isa = PBXBuildFile; fileRef = 1DF5F4DF0D08C38300B7A737 /* UIKit.framework */; };
		28860BE50F44EE6400985440 /* CoreData.framework in Frameworks */ = {isa = PBXBuildFile; fileRef = 28860BE40F44EE6400985440 /* CoreData.framework */; };
		2892E4100DC94CBA00A64D0F /* CoreGraphics.framework in Frameworks */ = {isa = PBXBuildFile; fileRef = 2892E40F0DC94CBA00A64D0F /* CoreGraphics.framework */; };
		2899E5600DE3E45000AC0155 /* HomeScreenViewController_iphone.xib in Resources */ = {isa = PBXBuildFile; fileRef = 2899E55F0DE3E45000AC0155 /* HomeScreenViewController_iphone.xib */; };
		28AD73600D9D9599002E5188 /* MainWindow_iphone.xib in Resources */ = {isa = PBXBuildFile; fileRef = 28AD735F0D9D9599002E5188 /* MainWindow_iphone.xib */; };
		F6017CEC14B2F96F006DEEBA /* SwimmerPhotoViewController_ipad.m in Sources */ = {isa = PBXBuildFile; fileRef = F6017CEB14B2F96F006DEEBA /* SwimmerPhotoViewController_ipad.m */; };
		F60C668B14B0F4F4006F77F9 /* STSAppDelegate_ipad.m in Sources */ = {isa = PBXBuildFile; fileRef = F60C668A14B0F4F3006F77F9 /* STSAppDelegate_ipad.m */; };
		F60C668E14B0F84A006F77F9 /* HomeScreenViewController_iphone.m in Sources */ = {isa = PBXBuildFile; fileRef = F60C668D14B0F84A006F77F9 /* HomeScreenViewController_iphone.m */; };
		F60C669114B0F86E006F77F9 /* HomeScreenViewController_ipad.m in Sources */ = {isa = PBXBuildFile; fileRef = F60C669014B0F86E006F77F9 /* HomeScreenViewController_ipad.m */; };
		F60C669314B10B68006F77F9 /* STSAppDelegate_iphone.m in Sources */ = {isa = PBXBuildFile; fileRef = F60C669214B10B67006F77F9 /* STSAppDelegate_iphone.m */; };
		F60C669514B11A61006F77F9 /* HomeScreenViewController.m in Sources */ = {isa = PBXBuildFile; fileRef = F60C669414B11A61006F77F9 /* HomeScreenViewController.m */; };
		F61D0AA4188C8C3500FBD394 /* Default-568h@2x.png in Resources */ = {isa = PBXBuildFile; fileRef = F61D0AA3188C8C3500FBD394 /* Default-568h@2x.png */; };
		F63D159C12610FD1002DA8D1 /* SwimmerDetailView.xib in Resources */ = {isa = PBXBuildFile; fileRef = F63D159B12610FD1002DA8D1 /* SwimmerDetailView.xib */; };
		F63F70F914B19DB000E85DD0 /* SwimmerDetailViewController_ipad.m in Sources */ = {isa = PBXBuildFile; fileRef = F63F70F814B19DB000E85DD0 /* SwimmerDetailViewController_ipad.m */; };
		F646BA7E13DCAEAB00124F9B /* MainWindow_ipad.xib in Resources */ = {isa = PBXBuildFile; fileRef = F646BA7D13DCAEAB00124F9B /* MainWindow_ipad.xib */; };
		F646BA8013DCD4D200124F9B /* HomeScreenViewController_ipad.xib in Resources */ = {isa = PBXBuildFile; fileRef = F646BA7F13DCD4D200124F9B /* HomeScreenViewController_ipad.xib */; };
		F65265B6122B2282007EDD0F /* SwimmerDetailViewController.m in Sources */ = {isa = PBXBuildFile; fileRef = F65265B4122B2282007EDD0F /* SwimmerDetailViewController.m */; };
		F667952F12C9D18400AA2CCB /* appIcon.png in Resources */ = {isa = PBXBuildFile; fileRef = F667952E12C9D18400AA2CCB /* appIcon.png */; };
		F66BF2DF1302916900612FFC /* miniAppIcon.png in Resources */ = {isa = PBXBuildFile; fileRef = F66BF2DE1302916900612FFC /* miniAppIcon.png */; };
		F677D0C2129978AE00E92069 /* SwimmersListTableCellEditView.xib in Resources */ = {isa = PBXBuildFile; fileRef = F677D0C1129978AE00E92069 /* SwimmersListTableCellEditView.xib */; };
		F67BE27F14CFC9180034D483 /* Default@2x.png in Resources */ = {isa = PBXBuildFile; fileRef = F67BE27E14CFC9180034D483 /* Default@2x.png */; };
		F67BE28114CFC93B0034D483 /* Default-Portrait~ipad.png in Resources */ = {isa = PBXBuildFile; fileRef = F67BE28014CFC93A0034D483 /* Default-Portrait~ipad.png */; };
		F67BE28314CFC9440034D483 /* Default-Landscape~ipad.png in Resources */ = {isa = PBXBuildFile; fileRef = F67BE28214CFC9440034D483 /* Default-Landscape~ipad.png */; };
		F682B649124F06E100D1CA61 /* SwimmersListTableCell.xib in Resources */ = {isa = PBXBuildFile; fileRef = F682B648124F06E100D1CA61 /* SwimmersListTableCell.xib */; };
		F683EDC312CC30B600D5588A /* Default.png in Resources */ = {isa = PBXBuildFile; fileRef = F683EDC212CC30B600D5588A /* Default.png */; };
		F683EDE712CC698E00D5588A /* SwimmerPhotoViewController.m in Sources */ = {isa = PBXBuildFile; fileRef = F683EDE512CC698E00D5588A /* SwimmerPhotoViewController.m */; };
		F683EDE812CC698E00D5588A /* SwimmerPhotoViewController.xib in Resources */ = {isa = PBXBuildFile; fileRef = F683EDE612CC698E00D5588A /* SwimmerPhotoViewController.xib */; };
		F69A720114AB88C400D55127 /* Model_v1_to_v2.xcmappingmodel in Sources */ = {isa = PBXBuildFile; fileRef = F69A720014AB88C400D55127 /* Model_v1_to_v2.xcmappingmodel */; };
		F69A723814AE4CBB00D55127 /* TimeStandardAndSwimmerController.m in Sources */ = {isa = PBXBuildFile; fileRef = F69A723714AE4CBB00D55127 /* TimeStandardAndSwimmerController.m */; };
		F6A3F2FD12E00457002806DF /* UIImageToDataTransformer.m in Sources */ = {isa = PBXBuildFile; fileRef = F6A3F2FC12E00457002806DF /* UIImageToDataTransformer.m */; };
		F6A3F30212E00571002806DF /* HomeScreenValues.xcdatamodeld in Sources */ = {isa = PBXBuildFile; fileRef = F6A3F30012E00571002806DF /* HomeScreenValues.xcdatamodeld */; };
		F6C38B6C13E61D2400F0D62B /* appIcon-57x57.png in Resources */ = {isa = PBXBuildFile; fileRef = F6C38B6B13E61D2400F0D62B /* appIcon-57x57.png */; };
		F6C38B6E13E61D2D00F0D62B /* appIcon-114x114.png in Resources */ = {isa = PBXBuildFile; fileRef = F6C38B6D13E61D2D00F0D62B /* appIcon-114x114.png */; };
		F6C38B7213E61D5D00F0D62B /* appIcon_72x72.png in Resources */ = {isa = PBXBuildFile; fileRef = F6C38B7113E61D5D00F0D62B /* appIcon_72x72.png */; };
		F6C3D589124709B900A6897D /* SwimmerTableCell.xib in Resources */ = {isa = PBXBuildFile; fileRef = F6C3D588124709B900A6897D /* SwimmerTableCell.xib */; };
		F6C3D5A51247106A00A6897D /* StandardTableCell.xib in Resources */ = {isa = PBXBuildFile; fileRef = F6C3D5A41247106A00A6897D /* StandardTableCell.xib */; };
		F6C460D71273177B0037A3F2 /* headshot.png in Resources */ = {isa = PBXBuildFile; fileRef = F6C460D61273177B0037A3F2 /* headshot.png */; };
		F6D2D93912E983450047647A /* iTunesArtwork in Resources */ = {isa = PBXBuildFile; fileRef = F6D2D93812E983450047647A /* iTunesArtwork */; };
		F6D9612314CEAE8A005960B7 /* SwimTimes_v4.sqlite in Resources */ = {isa = PBXBuildFile; fileRef = F6D9612214CEAE8A005960B7 /* SwimTimes_v4.sqlite */; };
		F6DE03B21215234900F749F7 /* TimeStandardDataAccess.m in Sources */ = {isa = PBXBuildFile; fileRef = F6DE03B11215234900F749F7 /* TimeStandardDataAccess.m */; };
		F6DE03C0121524FC00F749F7 /* libsqlite3.dylib in Frameworks */ = {isa = PBXBuildFile; fileRef = F6DE03BF121524FC00F749F7 /* libsqlite3.dylib */; };
		F6DE03C91215277B00F749F7 /* TimeStandardController.m in Sources */ = {isa = PBXBuildFile; fileRef = F6DE03C61215277B00F749F7 /* TimeStandardController.m */; };
		F6F84C3F122B1745006E1481 /* SwimmerController.m in Sources */ = {isa = PBXBuildFile; fileRef = F6F84C3E122B1745006E1481 /* SwimmerController.m */; };
/* End PBXBuildFile section */

/* Begin PBXFileReference section */
		1D30AB110D05D00D00671497 /* Foundation.framework */ = {isa = PBXFileReference; lastKnownFileType = wrapper.framework; name = Foundation.framework; path = System/Library/Frameworks/Foundation.framework; sourceTree = SDKROOT; };
		1D3623240D0F684500981E51 /* SwimmingTimeStandardsAppDelegate.h */ = {isa = PBXFileReference; fileEncoding = 4; lastKnownFileType = sourcecode.c.h; name = SwimmingTimeStandardsAppDelegate.h; path = Classes/SwimmingTimeStandardsAppDelegate.h; sourceTree = "<group>"; };
		1D3623250D0F684500981E51 /* SwimmingTimeStandardsAppDelegate.m */ = {isa = PBXFileReference; fileEncoding = 4; lastKnownFileType = sourcecode.c.objc; name = SwimmingTimeStandardsAppDelegate.m; path = Classes/SwimmingTimeStandardsAppDelegate.m; sourceTree = "<group>"; };
		1D6058910D05DD3D006BFB54 /* SwimTimeStandards.app */ = {isa = PBXFileReference; explicitFileType = wrapper.application; includeInIndex = 0; path = SwimTimeStandards.app; sourceTree = BUILT_PRODUCTS_DIR; };
		1DF5F4DF0D08C38300B7A737 /* UIKit.framework */ = {isa = PBXFileReference; lastKnownFileType = wrapper.framework; name = UIKit.framework; path = System/Library/Frameworks/UIKit.framework; sourceTree = SDKROOT; };
		28860BE40F44EE6400985440 /* CoreData.framework */ = {isa = PBXFileReference; lastKnownFileType = wrapper.framework; name = CoreData.framework; path = System/Library/Frameworks/CoreData.framework; sourceTree = SDKROOT; };
		2892E40F0DC94CBA00A64D0F /* CoreGraphics.framework */ = {isa = PBXFileReference; lastKnownFileType = wrapper.framework; name = CoreGraphics.framework; path = System/Library/Frameworks/CoreGraphics.framework; sourceTree = SDKROOT; };
		2899E55F0DE3E45000AC0155 /* HomeScreenViewController_iphone.xib */ = {isa = PBXFileReference; lastKnownFileType = file.xib; path = HomeScreenViewController_iphone.xib; sourceTree = "<group>"; };
		28A0AAE50D9B0CCF005BE974 /* SwimmingTimeStandards_Prefix.pch */ = {isa = PBXFileReference; fileEncoding = 4; lastKnownFileType = sourcecode.c.h; path = SwimmingTimeStandards_Prefix.pch; sourceTree = "<group>"; };
		28AD735F0D9D9599002E5188 /* MainWindow_iphone.xib */ = {isa = PBXFileReference; lastKnownFileType = file.xib; path = MainWindow_iphone.xib; sourceTree = "<group>"; };
		28C286DF0D94DF7D0034E888 /* HomeScreenViewController.h */ = {isa = PBXFileReference; fileEncoding = 4; lastKnownFileType = sourcecode.c.h; name = HomeScreenViewController.h; path = Classes/HomeScreenViewController.h; sourceTree = "<group>"; };
		29B97316FDCFA39411CA2CEA /* main.m */ = {isa = PBXFileReference; fileEncoding = 4; lastKnownFileType = sourcecode.c.objc; path = main.m; sourceTree = "<group>"; };
		8D1107310486CEB800E47090 /* SwimmingTimeStandards-Info.plist */ = {isa = PBXFileReference; fileEncoding = 4; lastKnownFileType = text.plist.xml; name = "SwimmingTimeStandards-Info.plist"; path = "../SwimmingTimeStandards-Info.plist"; plistStructureDefinitionIdentifier = "com.apple.xcode.plist.structure-definition.iphone.info-plist"; sourceTree = "<group>"; };
		F6017CEA14B2F96F006DEEBA /* SwimmerPhotoViewController_ipad.h */ = {isa = PBXFileReference; fileEncoding = 4; lastKnownFileType = sourcecode.c.h; name = SwimmerPhotoViewController_ipad.h; path = iPad/SwimmerPhotoViewController_ipad.h; sourceTree = "<group>"; };
		F6017CEB14B2F96F006DEEBA /* SwimmerPhotoViewController_ipad.m */ = {isa = PBXFileReference; fileEncoding = 4; lastKnownFileType = sourcecode.c.objc; name = SwimmerPhotoViewController_ipad.m; path = iPad/SwimmerPhotoViewController_ipad.m; sourceTree = "<group>"; };
		F60C668614B0F4B6006F77F9 /* STSAppDelegate_iphone.h */ = {isa = PBXFileReference; fileEncoding = 4; lastKnownFileType = sourcecode.c.h; name = STSAppDelegate_iphone.h; path = Classes/STSAppDelegate_iphone.h; sourceTree = "<group>"; };
		F60C668914B0F4F3006F77F9 /* STSAppDelegate_ipad.h */ = {isa = PBXFileReference; fileEncoding = 4; lastKnownFileType = sourcecode.c.h; name = STSAppDelegate_ipad.h; path = iPad/STSAppDelegate_ipad.h; sourceTree = "<group>"; };
		F60C668A14B0F4F3006F77F9 /* STSAppDelegate_ipad.m */ = {isa = PBXFileReference; fileEncoding = 4; lastKnownFileType = sourcecode.c.objc; name = STSAppDelegate_ipad.m; path = iPad/STSAppDelegate_ipad.m; sourceTree = "<group>"; };
		F60C668C14B0F84A006F77F9 /* HomeScreenViewController_iphone.h */ = {isa = PBXFileReference; fileEncoding = 4; lastKnownFileType = sourcecode.c.h; name = HomeScreenViewController_iphone.h; path = Classes/HomeScreenViewController_iphone.h; sourceTree = "<group>"; };
		F60C668D14B0F84A006F77F9 /* HomeScreenViewController_iphone.m */ = {isa = PBXFileReference; fileEncoding = 4; lastKnownFileType = sourcecode.c.objc; name = HomeScreenViewController_iphone.m; path = Classes/HomeScreenViewController_iphone.m; sourceTree = "<group>"; };
		F60C668F14B0F86E006F77F9 /* HomeScreenViewController_ipad.h */ = {isa = PBXFileReference; fileEncoding = 4; lastKnownFileType = sourcecode.c.h; name = HomeScreenViewController_ipad.h; path = iPad/HomeScreenViewController_ipad.h; sourceTree = "<group>"; };
		F60C669014B0F86E006F77F9 /* HomeScreenViewController_ipad.m */ = {isa = PBXFileReference; fileEncoding = 4; lastKnownFileType = sourcecode.c.objc; name = HomeScreenViewController_ipad.m; path = iPad/HomeScreenViewController_ipad.m; sourceTree = "<group>"; };
		F60C669214B10B67006F77F9 /* STSAppDelegate_iphone.m */ = {isa = PBXFileReference; fileEncoding = 4; lastKnownFileType = sourcecode.c.objc; name = STSAppDelegate_iphone.m; path = Classes/STSAppDelegate_iphone.m; sourceTree = "<group>"; };
		F60C669414B11A61006F77F9 /* HomeScreenViewController.m */ = {isa = PBXFileReference; fileEncoding = 4; lastKnownFileType = sourcecode.c.objc; name = HomeScreenViewController.m; path = Classes/HomeScreenViewController.m; sourceTree = "<group>"; };
		F61D0AA3188C8C3500FBD394 /* Default-568h@2x.png */ = {isa = PBXFileReference; lastKnownFileType = image.png; path = "Default-568h@2x.png"; sourceTree = "<group>"; };
		F62DD8E614AAE914009E97B5 /* HomeScreenValuesv1.xcdatamodel */ = {isa = PBXFileReference; lastKnownFileType = wrapper.xcdatamodel; path = HomeScreenValuesv1.xcdatamodel; sourceTree = "<group>"; };
		F63D159B12610FD1002DA8D1 /* SwimmerDetailView.xib */ = {isa = PBXFileReference; lastKnownFileType = file.xib; path = SwimmerDetailView.xib; sourceTree = "<group>"; };
		F63F70F714B19DB000E85DD0 /* SwimmerDetailViewController_ipad.h */ = {isa = PBXFileReference; fileEncoding = 4; lastKnownFileType = sourcecode.c.h; name = SwimmerDetailViewController_ipad.h; path = iPad/SwimmerDetailViewController_ipad.h; sourceTree = "<group>"; };
		F63F70F814B19DB000E85DD0 /* SwimmerDetailViewController_ipad.m */ = {isa = PBXFileReference; fileEncoding = 4; lastKnownFileType = sourcecode.c.objc; name = SwimmerDetailViewController_ipad.m; path = iPad/SwimmerDetailViewController_ipad.m; sourceTree = "<group>"; };
		F646BA7D13DCAEAB00124F9B /* MainWindow_ipad.xib */ = {isa = PBXFileReference; lastKnownFileType = file.xib; name = MainWindow_ipad.xib; path = iPad/MainWindow_ipad.xib; sourceTree = "<group>"; };
		F646BA7F13DCD4D200124F9B /* HomeScreenViewController_ipad.xib */ = {isa = PBXFileReference; fileEncoding = 4; lastKnownFileType = file.xib; name = HomeScreenViewController_ipad.xib; path = Classes/HomeScreenViewController_ipad.xib; sourceTree = "<group>"; };
		F65265B3122B2282007EDD0F /* SwimmerDetailViewController.h */ = {isa = PBXFileReference; fileEncoding = 4; lastKnownFileType = sourcecode.c.h; name = SwimmerDetailViewController.h; path = Classes/SwimmerDetailViewController.h; sourceTree = "<group>"; };
		F65265B4122B2282007EDD0F /* SwimmerDetailViewController.m */ = {isa = PBXFileReference; fileEncoding = 4; lastKnownFileType = sourcecode.c.objc; name = SwimmerDetailViewController.m; path = Classes/SwimmerDetailViewController.m; sourceTree = "<group>"; };
		F667952E12C9D18400AA2CCB /* appIcon.png */ = {isa = PBXFileReference; lastKnownFileType = image.png; name = appIcon.png; path = ../appIcon.png; sourceTree = "<group>"; };
		F66BF2DE1302916900612FFC /* miniAppIcon.png */ = {isa = PBXFileReference; lastKnownFileType = image.png; path = miniAppIcon.png; sourceTree = "<group>"; };
		F677D0C1129978AE00E92069 /* SwimmersListTableCellEditView.xib */ = {isa = PBXFileReference; lastKnownFileType = file.xib; path = SwimmersListTableCellEditView.xib; sourceTree = "<group>"; };
		F67BE27E14CFC9180034D483 /* Default@2x.png */ = {isa = PBXFileReference; lastKnownFileType = image.png; path = "Default@2x.png"; sourceTree = "<group>"; };
		F67BE28014CFC93A0034D483 /* Default-Portrait~ipad.png */ = {isa = PBXFileReference; lastKnownFileType = image.png; path = "Default-Portrait~ipad.png"; sourceTree = "<group>"; };
		F67BE28214CFC9440034D483 /* Default-Landscape~ipad.png */ = {isa = PBXFileReference; lastKnownFileType = image.png; path = "Default-Landscape~ipad.png"; sourceTree = "<group>"; };
		F682B648124F06E100D1CA61 /* SwimmersListTableCell.xib */ = {isa = PBXFileReference; lastKnownFileType = file.xib; path = SwimmersListTableCell.xib; sourceTree = "<group>"; };
		F683EDC212CC30B600D5588A /* Default.png */ = {isa = PBXFileReference; lastKnownFileType = image.png; name = Default.png; path = ../Default.png; sourceTree = "<group>"; };
		F683EDE412CC698E00D5588A /* SwimmerPhotoViewController.h */ = {isa = PBXFileReference; fileEncoding = 4; lastKnownFileType = sourcecode.c.h; name = SwimmerPhotoViewController.h; path = Classes/SwimmerPhotoViewController.h; sourceTree = "<group>"; };
		F683EDE512CC698E00D5588A /* SwimmerPhotoViewController.m */ = {isa = PBXFileReference; fileEncoding = 4; lastKnownFileType = sourcecode.c.objc; name = SwimmerPhotoViewController.m; path = Classes/SwimmerPhotoViewController.m; sourceTree = "<group>"; };
		F683EDE612CC698E00D5588A /* SwimmerPhotoViewController.xib */ = {isa = PBXFileReference; lastKnownFileType = file.xib; path = SwimmerPhotoViewController.xib; sourceTree = "<group>"; };
		F69A720014AB88C400D55127 /* Model_v1_to_v2.xcmappingmodel */ = {isa = PBXFileReference; lastKnownFileType = wrapper.xcmappingmodel; path = Model_v1_to_v2.xcmappingmodel; sourceTree = "<group>"; };
		F69A723614AE4CBB00D55127 /* TimeStandardAndSwimmerController.h */ = {isa = PBXFileReference; fileEncoding = 4; lastKnownFileType = sourcecode.c.h; name = TimeStandardAndSwimmerController.h; path = Classes/TimeStandardAndSwimmerController.h; sourceTree = "<group>"; };
		F69A723714AE4CBB00D55127 /* TimeStandardAndSwimmerController.m */ = {isa = PBXFileReference; fileEncoding = 4; lastKnownFileType = sourcecode.c.objc; name = TimeStandardAndSwimmerController.m; path = Classes/TimeStandardAndSwimmerController.m; sourceTree = "<group>"; };
		F6A3F2FB12E00457002806DF /* UIImageToDataTransformer.h */ = {isa = PBXFileReference; fileEncoding = 4; lastKnownFileType = sourcecode.c.h; path = UIImageToDataTransformer.h; sourceTree = "<group>"; };
		F6A3F2FC12E00457002806DF /* UIImageToDataTransformer.m */ = {isa = PBXFileReference; fileEncoding = 4; lastKnownFileType = sourcecode.c.objc; path = UIImageToDataTransformer.m; sourceTree = "<group>"; };
		F6A3F30112E00571002806DF /* HomeScreenValuesv2.xcdatamodel */ = {isa = PBXFileReference; fileEncoding = 4; lastKnownFileType = wrapper.xcdatamodel; path = HomeScreenValuesv2.xcdatamodel; sourceTree = "<group>"; };
		F6C38B6B13E61D2400F0D62B /* appIcon-57x57.png */ = {isa = PBXFileReference; lastKnownFileType = image.png; path = "appIcon-57x57.png"; sourceTree = "<group>"; };
		F6C38B6D13E61D2D00F0D62B /* appIcon-114x114.png */ = {isa = PBXFileReference; lastKnownFileType = image.png; path = "appIcon-114x114.png"; sourceTree = "<group>"; };
		F6C38B7113E61D5D00F0D62B /* appIcon_72x72.png */ = {isa = PBXFileReference; lastKnownFileType = image.png; path = appIcon_72x72.png; sourceTree = "<group>"; };
		F6C3D588124709B900A6897D /* SwimmerTableCell.xib */ = {isa = PBXFileReference; lastKnownFileType = file.xib; path = SwimmerTableCell.xib; sourceTree = "<group>"; };
		F6C3D5A41247106A00A6897D /* StandardTableCell.xib */ = {isa = PBXFileReference; lastKnownFileType = file.xib; path = StandardTableCell.xib; sourceTree = "<group>"; };
		F6C460D61273177B0037A3F2 /* headshot.png */ = {isa = PBXFileReference; lastKnownFileType = image.png; name = headshot.png; path = ../headshot.png; sourceTree = "<group>"; };
		F6D2D93812E983450047647A /* iTunesArtwork */ = {isa = PBXFileReference; lastKnownFileType = file; path = iTunesArtwork; sourceTree = "<group>"; };
		F6D9612214CEAE8A005960B7 /* SwimTimes_v4.sqlite */ = {isa = PBXFileReference; lastKnownFileType = file; path = SwimTimes_v4.sqlite; sourceTree = "<group>"; };
		F6DE03AF1215234900F749F7 /* SwimmingTimesStandardsGlobals.h */ = {isa = PBXFileReference; fileEncoding = 4; lastKnownFileType = sourcecode.c.h; name = SwimmingTimesStandardsGlobals.h; path = Classes/SwimmingTimesStandardsGlobals.h; sourceTree = "<group>"; };
		F6DE03B01215234900F749F7 /* TimeStandardDataAccess.h */ = {isa = PBXFileReference; fileEncoding = 4; lastKnownFileType = sourcecode.c.h; path = TimeStandardDataAccess.h; sourceTree = "<group>"; };
		F6DE03B11215234900F749F7 /* TimeStandardDataAccess.m */ = {isa = PBXFileReference; fileEncoding = 4; lastKnownFileType = sourcecode.c.objc; path = TimeStandardDataAccess.m; sourceTree = "<group>"; };
		F6DE03BF121524FC00F749F7 /* libsqlite3.dylib */ = {isa = PBXFileReference; lastKnownFileType = "compiled.mach-o.dylib"; name = libsqlite3.dylib; path = usr/lib/libsqlite3.dylib; sourceTree = SDKROOT; };
		F6DE03C51215277B00F749F7 /* TimeStandardController.h */ = {isa = PBXFileReference; fileEncoding = 4; lastKnownFileType = sourcecode.c.h; name = TimeStandardController.h; path = Classes/TimeStandardController.h; sourceTree = "<group>"; };
		F6DE03C61215277B00F749F7 /* TimeStandardController.m */ = {isa = PBXFileReference; fileEncoding = 4; lastKnownFileType = sourcecode.c.objc; name = TimeStandardController.m; path = Classes/TimeStandardController.m; sourceTree = "<group>"; };
		F6F84C3D122B1745006E1481 /* SwimmerController.h */ = {isa = PBXFileReference; fileEncoding = 4; lastKnownFileType = sourcecode.c.h; name = SwimmerController.h; path = Classes/SwimmerController.h; sourceTree = "<group>"; };
		F6F84C3E122B1745006E1481 /* SwimmerController.m */ = {isa = PBXFileReference; fileEncoding = 4; lastKnownFileType = sourcecode.c.objc; name = SwimmerController.m; path = Classes/SwimmerController.m; sourceTree = "<group>"; };
/* End PBXFileReference section */

/* Begin PBXFrameworksBuildPhase section */
		1D60588F0D05DD3D006BFB54 /* Frameworks */ = {
			isa = PBXFrameworksBuildPhase;
			buildActionMask = 2147483647;
			files = (
				1D60589F0D05DD5A006BFB54 /* Foundation.framework in Frameworks */,
				1DF5F4E00D08C38300B7A737 /* UIKit.framework in Frameworks */,
				2892E4100DC94CBA00A64D0F /* CoreGraphics.framework in Frameworks */,
				28860BE50F44EE6400985440 /* CoreData.framework in Frameworks */,
				F6DE03C0121524FC00F749F7 /* libsqlite3.dylib in Frameworks */,
			);
			runOnlyForDeploymentPostprocessing = 0;
		};
/* End PBXFrameworksBuildPhase section */

/* Begin PBXGroup section */
		080E96DDFE201D6D7F000001 /* Classes */ = {
			isa = PBXGroup;
			children = (
				F60C668414B0F296006F77F9 /* Shared */,
				F60C668314B0F283006F77F9 /* iPhone */,
				F646BA7C13DCAEAA00124F9B /* iPad */,
			);
			path = Classes;
			sourceTree = "<group>";
		};
		19C28FACFE9D520D11CA2CBB /* Products */ = {
			isa = PBXGroup;
			children = (
				1D6058910D05DD3D006BFB54 /* SwimTimeStandards.app */,
			);
			name = Products;
			sourceTree = "<group>";
		};
		29B97314FDCFA39411CA2CEA /* CustomTemplate */ = {
			isa = PBXGroup;
			children = (
				F61D0AA3188C8C3500FBD394 /* Default-568h@2x.png */,
				F67BE28214CFC9440034D483 /* Default-Landscape~ipad.png */,
				F67BE28014CFC93A0034D483 /* Default-Portrait~ipad.png */,
				F67BE27E14CFC9180034D483 /* Default@2x.png */,
				F6C38B7113E61D5D00F0D62B /* appIcon_72x72.png */,
				F6C38B6D13E61D2D00F0D62B /* appIcon-114x114.png */,
				F6C38B6B13E61D2400F0D62B /* appIcon-57x57.png */,
				F6D06DEB122CB35100E58473 /* Model */,
				080E96DDFE201D6D7F000001 /* Classes */,
				29B97315FDCFA39411CA2CEA /* Other Sources */,
				F6D2D93512E983070047647A /* Resources */,
				29B97323FDCFA39411CA2CEA /* Frameworks */,
				19C28FACFE9D520D11CA2CBB /* Products */,
			);
			name = CustomTemplate;
			sourceTree = "<group>";
		};
		29B97315FDCFA39411CA2CEA /* Other Sources */ = {
			isa = PBXGroup;
			children = (
				28A0AAE50D9B0CCF005BE974 /* SwimmingTimeStandards_Prefix.pch */,
				29B97316FDCFA39411CA2CEA /* main.m */,
			);
			name = "Other Sources";
			sourceTree = "<group>";
		};
		29B97323FDCFA39411CA2CEA /* Frameworks */ = {
			isa = PBXGroup;
			children = (
				1DF5F4DF0D08C38300B7A737 /* UIKit.framework */,
				1D30AB110D05D00D00671497 /* Foundation.framework */,
				2892E40F0DC94CBA00A64D0F /* CoreGraphics.framework */,
				28860BE40F44EE6400985440 /* CoreData.framework */,
				F6DE03BF121524FC00F749F7 /* libsqlite3.dylib */,
			);
			name = Frameworks;
			sourceTree = "<group>";
		};
		F60C668314B0F283006F77F9 /* iPhone */ = {
			isa = PBXGroup;
			children = (
				F60C668614B0F4B6006F77F9 /* STSAppDelegate_iphone.h */,
				F60C669214B10B67006F77F9 /* STSAppDelegate_iphone.m */,
				28AD735F0D9D9599002E5188 /* MainWindow_iphone.xib */,
				F60C668C14B0F84A006F77F9 /* HomeScreenViewController_iphone.h */,
				F60C668D14B0F84A006F77F9 /* HomeScreenViewController_iphone.m */,
				2899E55F0DE3E45000AC0155 /* HomeScreenViewController_iphone.xib */,
				F6DE03C51215277B00F749F7 /* TimeStandardController.h */,
				F6DE03C61215277B00F749F7 /* TimeStandardController.m */,
				F6F84C3D122B1745006E1481 /* SwimmerController.h */,
				F6F84C3E122B1745006E1481 /* SwimmerController.m */,
				F682B648124F06E100D1CA61 /* SwimmersListTableCell.xib */,
				F677D0C1129978AE00E92069 /* SwimmersListTableCellEditView.xib */,
			);
			name = iPhone;
			path = ..;
			sourceTree = "<group>";
		};
		F60C668414B0F296006F77F9 /* Shared */ = {
			isa = PBXGroup;
			children = (
				1D3623240D0F684500981E51 /* SwimmingTimeStandardsAppDelegate.h */,
				1D3623250D0F684500981E51 /* SwimmingTimeStandardsAppDelegate.m */,
				F6DE03AF1215234900F749F7 /* SwimmingTimesStandardsGlobals.h */,
				28C286DF0D94DF7D0034E888 /* HomeScreenViewController.h */,
				F60C669414B11A61006F77F9 /* HomeScreenViewController.m */,
				F6C3D5A41247106A00A6897D /* StandardTableCell.xib */,
				F6C3D588124709B900A6897D /* SwimmerTableCell.xib */,
				F683EDE412CC698E00D5588A /* SwimmerPhotoViewController.h */,
				F683EDE512CC698E00D5588A /* SwimmerPhotoViewController.m */,
				F683EDE612CC698E00D5588A /* SwimmerPhotoViewController.xib */,
				F65265B3122B2282007EDD0F /* SwimmerDetailViewController.h */,
				F65265B4122B2282007EDD0F /* SwimmerDetailViewController.m */,
				F63D159B12610FD1002DA8D1 /* SwimmerDetailView.xib */,
			);
			name = Shared;
			path = ..;
			sourceTree = "<group>";
		};
		F646BA7C13DCAEAA00124F9B /* iPad */ = {
			isa = PBXGroup;
			children = (
				F60C668914B0F4F3006F77F9 /* STSAppDelegate_ipad.h */,
				F60C668A14B0F4F3006F77F9 /* STSAppDelegate_ipad.m */,
				F646BA7D13DCAEAB00124F9B /* MainWindow_ipad.xib */,
				F60C668F14B0F86E006F77F9 /* HomeScreenViewController_ipad.h */,
				F60C669014B0F86E006F77F9 /* HomeScreenViewController_ipad.m */,
				F646BA7F13DCD4D200124F9B /* HomeScreenViewController_ipad.xib */,
				F69A723614AE4CBB00D55127 /* TimeStandardAndSwimmerController.h */,
				F69A723714AE4CBB00D55127 /* TimeStandardAndSwimmerController.m */,
				F63F70F714B19DB000E85DD0 /* SwimmerDetailViewController_ipad.h */,
				F63F70F814B19DB000E85DD0 /* SwimmerDetailViewController_ipad.m */,
				F6017CEA14B2F96F006DEEBA /* SwimmerPhotoViewController_ipad.h */,
				F6017CEB14B2F96F006DEEBA /* SwimmerPhotoViewController_ipad.m */,
			);
			name = iPad;
			path = ..;
			sourceTree = "<group>";
		};
		F682B600124EE5E200D1CA61 /* DataAccess */ = {
			isa = PBXGroup;
			children = (
				F6DE03B01215234900F749F7 /* TimeStandardDataAccess.h */,
				F6DE03B11215234900F749F7 /* TimeStandardDataAccess.m */,
			);
			name = DataAccess;
			sourceTree = "<group>";
		};
		F6D06DEB122CB35100E58473 /* Model */ = {
			isa = PBXGroup;
			children = (
				F69A720014AB88C400D55127 /* Model_v1_to_v2.xcmappingmodel */,
				F6A3F30012E00571002806DF /* HomeScreenValues.xcdatamodeld */,
				F6A3F2FB12E00457002806DF /* UIImageToDataTransformer.h */,
				F6A3F2FC12E00457002806DF /* UIImageToDataTransformer.m */,
				F682B600124EE5E200D1CA61 /* DataAccess */,
			);
			name = Model;
			path = Classes;
			sourceTree = "<group>";
		};
		F6D2D93512E983070047647A /* Resources */ = {
			isa = PBXGroup;
			children = (
				F6D9612214CEAE8A005960B7 /* SwimTimes_v4.sqlite */,
				F66BF2DE1302916900612FFC /* miniAppIcon.png */,
				F667952E12C9D18400AA2CCB /* appIcon.png */,
				F683EDC212CC30B600D5588A /* Default.png */,
				F6C460D61273177B0037A3F2 /* headshot.png */,
				F6D2D93812E983450047647A /* iTunesArtwork */,
				8D1107310486CEB800E47090 /* SwimmingTimeStandards-Info.plist */,
			);
			name = Resources;
			path = Classes;
			sourceTree = "<group>";
		};
/* End PBXGroup section */

/* Begin PBXNativeTarget section */
		1D6058900D05DD3D006BFB54 /* SwimTimeStandards */ = {
			isa = PBXNativeTarget;
			buildConfigurationList = 1D6058960D05DD3E006BFB54 /* Build configuration list for PBXNativeTarget "SwimTimeStandards" */;
			buildPhases = (
				1D60588D0D05DD3D006BFB54 /* Resources */,
				1D60588E0D05DD3D006BFB54 /* Sources */,
				1D60588F0D05DD3D006BFB54 /* Frameworks */,
			);
			buildRules = (
			);
			dependencies = (
			);
			name = SwimTimeStandards;
			productName = SwimmingTimeStandards;
			productReference = 1D6058910D05DD3D006BFB54 /* SwimTimeStandards.app */;
			productType = "com.apple.product-type.application";
		};
/* End PBXNativeTarget section */

/* Begin PBXProject section */
		29B97313FDCFA39411CA2CEA /* Project object */ = {
			isa = PBXProject;
			attributes = {
				LastUpgradeCheck = 0420;
			};
			buildConfigurationList = C01FCF4E08A954540054247B /* Build configuration list for PBXProject "SwimmingTimeStandards" */;
			compatibilityVersion = "Xcode 3.2";
			developmentRegion = English;
			hasScannedForEncodings = 1;
			knownRegions = (
				English,
				Japanese,
				French,
				German,
				en,
			);
			mainGroup = 29B97314FDCFA39411CA2CEA /* CustomTemplate */;
			projectDirPath = "";
			projectRoot = "";
			targets = (
				1D6058900D05DD3D006BFB54 /* SwimTimeStandards */,
			);
		};
/* End PBXProject section */

/* Begin PBXResourcesBuildPhase section */
		1D60588D0D05DD3D006BFB54 /* Resources */ = {
			isa = PBXResourcesBuildPhase;
			buildActionMask = 2147483647;
			files = (
				28AD73600D9D9599002E5188 /* MainWindow_iphone.xib in Resources */,
				2899E5600DE3E45000AC0155 /* HomeScreenViewController_iphone.xib in Resources */,
				F6C3D589124709B900A6897D /* SwimmerTableCell.xib in Resources */,
				F6C3D5A51247106A00A6897D /* StandardTableCell.xib in Resources */,
				F682B649124F06E100D1CA61 /* SwimmersListTableCell.xib in Resources */,
				F63D159C12610FD1002DA8D1 /* SwimmerDetailView.xib in Resources */,
				F6C460D71273177B0037A3F2 /* headshot.png in Resources */,
				F677D0C2129978AE00E92069 /* SwimmersListTableCellEditView.xib in Resources */,
				F667952F12C9D18400AA2CCB /* appIcon.png in Resources */,
				F683EDC312CC30B600D5588A /* Default.png in Resources */,
				F683EDE812CC698E00D5588A /* SwimmerPhotoViewController.xib in Resources */,
				F6D2D93912E983450047647A /* iTunesArtwork in Resources */,
				F66BF2DF1302916900612FFC /* miniAppIcon.png in Resources */,
				F646BA7E13DCAEAB00124F9B /* MainWindow_ipad.xib in Resources */,
				F646BA8013DCD4D200124F9B /* HomeScreenViewController_ipad.xib in Resources */,
				F6C38B6C13E61D2400F0D62B /* appIcon-57x57.png in Resources */,
				F6C38B6E13E61D2D00F0D62B /* appIcon-114x114.png in Resources */,
				F61D0AA4188C8C3500FBD394 /* Default-568h@2x.png in Resources */,
				F6C38B7213E61D5D00F0D62B /* appIcon_72x72.png in Resources */,
				F6D9612314CEAE8A005960B7 /* SwimTimes_v4.sqlite in Resources */,
				F67BE27F14CFC9180034D483 /* Default@2x.png in Resources */,
				F67BE28114CFC93B0034D483 /* Default-Portrait~ipad.png in Resources */,
				F67BE28314CFC9440034D483 /* Default-Landscape~ipad.png in Resources */,
			);
			runOnlyForDeploymentPostprocessing = 0;
		};
/* End PBXResourcesBuildPhase section */

/* Begin PBXSourcesBuildPhase section */
		1D60588E0D05DD3D006BFB54 /* Sources */ = {
			isa = PBXSourcesBuildPhase;
			buildActionMask = 2147483647;
			files = (
				1D60589B0D05DD56006BFB54 /* main.m in Sources */,
				1D3623260D0F684500981E51 /* SwimmingTimeStandardsAppDelegate.m in Sources */,
				F6DE03B21215234900F749F7 /* TimeStandardDataAccess.m in Sources */,
				F6DE03C91215277B00F749F7 /* TimeStandardController.m in Sources */,
				F6F84C3F122B1745006E1481 /* SwimmerController.m in Sources */,
				F65265B6122B2282007EDD0F /* SwimmerDetailViewController.m in Sources */,
				F683EDE712CC698E00D5588A /* SwimmerPhotoViewController.m in Sources */,
				F6A3F2FD12E00457002806DF /* UIImageToDataTransformer.m in Sources */,
				F6A3F30212E00571002806DF /* HomeScreenValues.xcdatamodeld in Sources */,
				F69A720114AB88C400D55127 /* Model_v1_to_v2.xcmappingmodel in Sources */,
				F69A723814AE4CBB00D55127 /* TimeStandardAndSwimmerController.m in Sources */,
				F60C668B14B0F4F4006F77F9 /* STSAppDelegate_ipad.m in Sources */,
				F60C668E14B0F84A006F77F9 /* HomeScreenViewController_iphone.m in Sources */,
				F60C669114B0F86E006F77F9 /* HomeScreenViewController_ipad.m in Sources */,
				F60C669314B10B68006F77F9 /* STSAppDelegate_iphone.m in Sources */,
				F60C669514B11A61006F77F9 /* HomeScreenViewController.m in Sources */,
				F63F70F914B19DB000E85DD0 /* SwimmerDetailViewController_ipad.m in Sources */,
				F6017CEC14B2F96F006DEEBA /* SwimmerPhotoViewController_ipad.m in Sources */,
			);
			runOnlyForDeploymentPostprocessing = 0;
		};
/* End PBXSourcesBuildPhase section */

/* Begin XCBuildConfiguration section */
		1D6058940D05DD3E006BFB54 /* Debug */ = {
			isa = XCBuildConfiguration;
			buildSettings = {
				ALWAYS_SEARCH_USER_PATHS = NO;
				ARCHS = (
					armv6,
					"$(ARCHS_STANDARD_32_BIT)",
				);
				CLANG_ENABLE_OBJC_ARC = YES;
				CODE_SIGN_IDENTITY = "iPhone Developer";
				"CODE_SIGN_IDENTITY[sdk=iphoneos*]" = "iPhone Developer";
				COPY_PHASE_STRIP = NO;
				GCC_DYNAMIC_NO_PIC = NO;
				GCC_OPTIMIZATION_LEVEL = 0;
				GCC_PRECOMPILE_PREFIX_HEADER = YES;
				GCC_PREFIX_HEADER = SwimmingTimeStandards_Prefix.pch;
				INFOPLIST_FILE = "SwimmingTimeStandards-Info.plist";
				IPHONEOS_DEPLOYMENT_TARGET = 7.0;
				PRODUCT_NAME = SwimTimeStandards;
				PROVISIONING_PROFILE = "";
				"PROVISIONING_PROFILE[sdk=iphoneos*]" = "";
				SDKROOT = iphoneos;
				TARGETED_DEVICE_FAMILY = "1,2";
			};
			name = Debug;
		};
		1D6058950D05DD3E006BFB54 /* Release */ = {
			isa = XCBuildConfiguration;
			buildSettings = {
				ALWAYS_SEARCH_USER_PATHS = NO;
				ARCHS = (
					armv6,
					"$(ARCHS_STANDARD_32_BIT)",
				);
				CLANG_ENABLE_OBJC_ARC = YES;
				CODE_SIGN_IDENTITY = "iPhone Distribution";
				"CODE_SIGN_IDENTITY[sdk=iphoneos*]" = "iPhone Distribution";
				COPY_PHASE_STRIP = YES;
				GCC_PRECOMPILE_PREFIX_HEADER = YES;
				GCC_PREFIX_HEADER = SwimmingTimeStandards_Prefix.pch;
				INFOPLIST_FILE = "SwimmingTimeStandards-Info.plist";
				IPHONEOS_DEPLOYMENT_TARGET = 7.0;
				PRODUCT_NAME = SwimTimeStandards;
				PROVISIONING_PROFILE = "";
				"PROVISIONING_PROFILE[sdk=iphoneos*]" = "";
				SDKROOT = iphoneos;
				TARGETED_DEVICE_FAMILY = "1,2";
				VALIDATE_PRODUCT = YES;
			};
			name = Release;
		};
		C01FCF4F08A954540054247B /* Debug */ = {
			isa = XCBuildConfiguration;
			buildSettings = {
				ARCHS = "$(ARCHS_STANDARD_32_BIT)";
				CODE_SIGN_IDENTITY = "iPhone Developer";
				"CODE_SIGN_IDENTITY[sdk=iphoneos*]" = "iPhone Developer";
				GCC_C_LANGUAGE_STANDARD = c99;
				GCC_WARN_ABOUT_MISSING_PROTOTYPES = YES;
				GCC_WARN_ABOUT_RETURN_TYPE = YES;
				GCC_WARN_UNUSED_VARIABLE = YES;
				IPHONEOS_DEPLOYMENT_TARGET = 3.0;
				PROVISIONING_PROFILE = "";
				"PROVISIONING_PROFILE[sdk=iphoneos*]" = "";
				SDKROOT = iphoneos;
			};
			name = Debug;
		};
		C01FCF5008A954540054247B /* Release */ = {
			isa = XCBuildConfiguration;
			buildSettings = {
				ARCHS = "$(ARCHS_STANDARD_32_BIT)";
				CODE_SIGN_IDENTITY = "iPhone Distribution";
				"CODE_SIGN_IDENTITY[sdk=iphoneos*]" = "iPhone Distribution";
				GCC_C_LANGUAGE_STANDARD = c99;
				GCC_WARN_ABOUT_MISSING_PROTOTYPES = YES;
				GCC_WARN_ABOUT_RETURN_TYPE = YES;
				GCC_WARN_UNUSED_VARIABLE = YES;
				IPHONEOS_DEPLOYMENT_TARGET = 3.0;
				OTHER_CFLAGS = "-DNS_BLOCK_ASSERTIONS=1";
				PROVISIONING_PROFILE = "";
				"PROVISIONING_PROFILE[sdk=iphoneos*]" = "";
				SDKROOT = iphoneos;
			};
			name = Release;
		};
		F6CE852D13B47F320045FA4E /* Ad Hoc */ = {
			isa = XCBuildConfiguration;
			buildSettings = {
				ARCHS = "$(ARCHS_STANDARD_32_BIT)";
				CODE_SIGN_IDENTITY = "iPhone Distribution";
				"CODE_SIGN_IDENTITY[sdk=iphoneos*]" = "iPhone Distribution";
				GCC_C_LANGUAGE_STANDARD = c99;
				GCC_WARN_ABOUT_MISSING_PROTOTYPES = YES;
				GCC_WARN_ABOUT_RETURN_TYPE = YES;
				GCC_WARN_UNUSED_VARIABLE = YES;
				IPHONEOS_DEPLOYMENT_TARGET = 3.0;
				OTHER_CFLAGS = "-DNS_BLOCK_ASSERTIONS=1";
				PROVISIONING_PROFILE = "";
				"PROVISIONING_PROFILE[sdk=iphoneos*]" = "";
				SDKROOT = iphoneos;
			};
			name = "Ad Hoc";
		};
		F6CE852E13B47F320045FA4E /* Ad Hoc */ = {
			isa = XCBuildConfiguration;
			buildSettings = {
				ALWAYS_SEARCH_USER_PATHS = NO;
				ARCHS = (
					armv6,
					"$(ARCHS_STANDARD_32_BIT)",
				);
				CLANG_ENABLE_OBJC_ARC = YES;
				CODE_SIGN_IDENTITY = "";
				"CODE_SIGN_IDENTITY[sdk=*]" = "iPhone Distribution";
				"CODE_SIGN_IDENTITY[sdk=iphoneos*]" = "iPhone Distribution";
				COPY_PHASE_STRIP = YES;
				GCC_PRECOMPILE_PREFIX_HEADER = YES;
				GCC_PREFIX_HEADER = SwimmingTimeStandards_Prefix.pch;
				INFOPLIST_FILE = "SwimmingTimeStandards-Info.plist";
				IPHONEOS_DEPLOYMENT_TARGET = 7.0;
				PRODUCT_NAME = SwimTimeStandards;
				"PROVISIONING_PROFILE[sdk=*]" = "";
				"PROVISIONING_PROFILE[sdk=iphoneos*]" = "";
				SDKROOT = iphoneos;
				TARGETED_DEVICE_FAMILY = "1,2";
				VALIDATE_PRODUCT = YES;
			};
			name = "Ad Hoc";
		};
/* End XCBuildConfiguration section */

/* Begin XCConfigurationList section */
		1D6058960D05DD3E006BFB54 /* Build configuration list for PBXNativeTarget "SwimTimeStandards" */ = {
			isa = XCConfigurationList;
			buildConfigurations = (
				1D6058940D05DD3E006BFB54 /* Debug */,
				1D6058950D05DD3E006BFB54 /* Release */,
				F6CE852E13B47F320045FA4E /* Ad Hoc */,
			);
			defaultConfigurationIsVisible = 0;
			defaultConfigurationName = Release;
		};
		C01FCF4E08A954540054247B /* Build configuration list for PBXProject "SwimmingTimeStandards" */ = {
			isa = XCConfigurationList;
			buildConfigurations = (
				C01FCF4F08A954540054247B /* Debug */,
				C01FCF5008A954540054247B /* Release */,
				F6CE852D13B47F320045FA4E /* Ad Hoc */,
			);
			defaultConfigurationIsVisible = 0;
			defaultConfigurationName = Release;
		};
/* End XCConfigurationList section */

/* Begin XCVersionGroup section */
		F6A3F30012E00571002806DF /* HomeScreenValues.xcdatamodeld */ = {
			isa = XCVersionGroup;
			children = (
				F62DD8E614AAE914009E97B5 /* HomeScreenValuesv1.xcdatamodel */,
				F6A3F30112E00571002806DF /* HomeScreenValuesv2.xcdatamodel */,
			);
			currentVersion = F6A3F30112E00571002806DF /* HomeScreenValuesv2.xcdatamodel */;
			path = HomeScreenValues.xcdatamodeld;
			sourceTree = "<group>";
			versionGroupType = wrapper.xcdatamodel;
		};
/* End XCVersionGroup section */
	};
	rootObject = 29B97313FDCFA39411CA2CEA /* Project object */;
}
