// !$*UTF8*$!
{
	archiveVersion = 1;
	classes = {
	};
	objectVersion = 46;
	objects = {

/* Begin PBXBuildFile section */
		1D60589B0D05DD56006BFB54 /* main.m in Sources */ = {isa = PBXBuildFile; fileRef = 29B97316FDCFA39411CA2CEA /* main.m */; };
		1D60589F0D05DD5A006BFB54 /* Foundation.framework in Frameworks */ = {isa = PBXBuildFile; fileRef = 1D30AB110D05D00D00671497 /* Foundation.framework */; };
		1DF5F4E00D08C38300B7A737 /* UIKit.framework in Frameworks */ = {isa = PBXBuildFile; fileRef = 1DF5F4DF0D08C38300B7A737 /* UIKit.framework */; };
		28860BE50F44EE6400985440 /* CoreData.framework in Frameworks */ = {isa = PBXBuildFile; fileRef = 28860BE40F44EE6400985440 /* CoreData.framework */; };
		2892E4100DC94CBA00A64D0F /* CoreGraphics.framework in Frameworks */ = {isa = PBXBuildFile; fileRef = 2892E40F0DC94CBA00A64D0F /* CoreGraphics.framework */; };
		F68F611819004B1A00ED2EC1 /* STSSwimmerDataAccess.m in Sources */ = {isa = PBXBuildFile; fileRef = F68F611719004B1A00ED2EC1 /* STSSwimmerDataAccess.m */; };
		F68F611B19004B5500ED2EC1 /* STSTimeStandardDataAccess.m in Sources */ = {isa = PBXBuildFile; fileRef = F68F611A19004B5500ED2EC1 /* STSTimeStandardDataAccess.m */; };
		F68F612119004B9C00ED2EC1 /* STSAppDelegate.m in Sources */ = {isa = PBXBuildFile; fileRef = F68F611D19004B9C00ED2EC1 /* STSAppDelegate.m */; };
		F68F612219004B9C00ED2EC1 /* STSRootViewController.m in Sources */ = {isa = PBXBuildFile; fileRef = F68F612019004B9C00ED2EC1 /* STSRootViewController.m */; };
		F68F612519004BDC00ED2EC1 /* STSRootViewController~iPhone.m in Sources */ = {isa = PBXBuildFile; fileRef = F68F612419004BDC00ED2EC1 /* STSRootViewController~iPhone.m */; };
		F68F612A19004CD900ED2EC1 /* STSSmartTableViewCell.m in Sources */ = {isa = PBXBuildFile; fileRef = F68F612919004CD900ED2EC1 /* STSSmartTableViewCell.m */; };
		F68F612F19004CFB00ED2EC1 /* STSTimeStandardHomeScreenTableCell.m in Sources */ = {isa = PBXBuildFile; fileRef = F68F612C19004CFB00ED2EC1 /* STSTimeStandardHomeScreenTableCell.m */; };
		F68F613019004CFB00ED2EC1 /* STSTimeStandardHomeScreenTableCell+Binding.m in Sources */ = {isa = PBXBuildFile; fileRef = F68F612E19004CFB00ED2EC1 /* STSTimeStandardHomeScreenTableCell+Binding.m */; };
		F68F613B19004D1000ED2EC1 /* STSSwimmerHomeScreenTableViewCell.m in Sources */ = {isa = PBXBuildFile; fileRef = F68F613219004D1000ED2EC1 /* STSSwimmerHomeScreenTableViewCell.m */; };
		F68F613C19004D1000ED2EC1 /* STSSwimmerHomeScreenTableViewCell+Binding.m in Sources */ = {isa = PBXBuildFile; fileRef = F68F613419004D1000ED2EC1 /* STSSwimmerHomeScreenTableViewCell+Binding.m */; };
		F68F613D19004D1000ED2EC1 /* STSSwimmerListEditTableViewCell.m in Sources */ = {isa = PBXBuildFile; fileRef = F68F613619004D1000ED2EC1 /* STSSwimmerListEditTableViewCell.m */; };
		F68F613E19004D1000ED2EC1 /* STSSwimmerListTableViewCell.m in Sources */ = {isa = PBXBuildFile; fileRef = F68F613819004D1000ED2EC1 /* STSSwimmerListTableViewCell.m */; };
		F68F613F19004D1000ED2EC1 /* STSSwimmerListTableViewCell+Binding.m in Sources */ = {isa = PBXBuildFile; fileRef = F68F613A19004D1000ED2EC1 /* STSSwimmerListTableViewCell+Binding.m */; };
		F68F614419004D7300ED2EC1 /* STSSwimmerHomeScreenTableViewCell.xib in Resources */ = {isa = PBXBuildFile; fileRef = F68F614019004D7300ED2EC1 /* STSSwimmerHomeScreenTableViewCell.xib */; };
		F68F614519004D7300ED2EC1 /* STSSwimmerListEditTableViewCell.xib in Resources */ = {isa = PBXBuildFile; fileRef = F68F614119004D7300ED2EC1 /* STSSwimmerListEditTableViewCell.xib */; };
		F68F614619004D7300ED2EC1 /* STSSwimmerListTableViewCell.xib in Resources */ = {isa = PBXBuildFile; fileRef = F68F614219004D7300ED2EC1 /* STSSwimmerListTableViewCell.xib */; };
		F68F614719004D7300ED2EC1 /* STSTimeStandardHomeScreenTableCell.xib in Resources */ = {isa = PBXBuildFile; fileRef = F68F614319004D7300ED2EC1 /* STSTimeStandardHomeScreenTableCell.xib */; };
		F68F614B19004E4800ED2EC1 /* STSSwimmerController.m in Sources */ = {isa = PBXBuildFile; fileRef = F68F614A19004E4800ED2EC1 /* STSSwimmerController.m */; };
		F68F615019004E7400ED2EC1 /* STSSwimmerDetailViewController.m in Sources */ = {isa = PBXBuildFile; fileRef = F68F614D19004E7400ED2EC1 /* STSSwimmerDetailViewController.m */; };
		F68F615119004E7400ED2EC1 /* STSSwimmerPhotoViewController.m in Sources */ = {isa = PBXBuildFile; fileRef = F68F614F19004E7400ED2EC1 /* STSSwimmerPhotoViewController.m */; };
		F68F615619004EA300ED2EC1 /* STSTimeStandardAndSwimmerController.m in Sources */ = {isa = PBXBuildFile; fileRef = F68F615319004EA300ED2EC1 /* STSTimeStandardAndSwimmerController.m */; };
		F68F615719004EA300ED2EC1 /* STSTimeStandardController.m in Sources */ = {isa = PBXBuildFile; fileRef = F68F615519004EA300ED2EC1 /* STSTimeStandardController.m */; };
		F68F615A19004EE500ED2EC1 /* STSRootViewViewController~iPad.m in Sources */ = {isa = PBXBuildFile; fileRef = F68F615919004EE500ED2EC1 /* STSRootViewViewController~iPad.m */; };
		F68F615D19004F0200ED2EC1 /* STSSwimmerDetailViewController~iPad.m in Sources */ = {isa = PBXBuildFile; fileRef = F68F615C19004F0200ED2EC1 /* STSSwimmerDetailViewController~iPad.m */; };
		F68F615F19004F3E00ED2EC1 /* SwimTimes_v4.sqlite in Resources */ = {isa = PBXBuildFile; fileRef = F68F615E19004F3E00ED2EC1 /* SwimTimes_v4.sqlite */; };
		F68F616319004F7000ED2EC1 /* MainStoryboard.storyboard in Resources */ = {isa = PBXBuildFile; fileRef = F68F616119004F7000ED2EC1 /* MainStoryboard.storyboard */; };
		F68F616419004F7000ED2EC1 /* MainStoryboard~iPad.storyboard in Resources */ = {isa = PBXBuildFile; fileRef = F68F616219004F7000ED2EC1 /* MainStoryboard~iPad.storyboard */; };
		F68F616F19004FF800ED2EC1 /* XCTest.framework in Frameworks */ = {isa = PBXBuildFile; fileRef = F68F616E19004FF800ED2EC1 /* XCTest.framework */; };
		F68F617019004FF800ED2EC1 /* Foundation.framework in Frameworks */ = {isa = PBXBuildFile; fileRef = 1D30AB110D05D00D00671497 /* Foundation.framework */; };
		F68F617119004FF800ED2EC1 /* UIKit.framework in Frameworks */ = {isa = PBXBuildFile; fileRef = 1DF5F4DF0D08C38300B7A737 /* UIKit.framework */; };
		F68F617719004FF800ED2EC1 /* InfoPlist.strings in Resources */ = {isa = PBXBuildFile; fileRef = F68F617519004FF800ED2EC1 /* InfoPlist.strings */; };
		F68F617919004FF800ED2EC1 /* SwimTimeStandardsTests.m in Sources */ = {isa = PBXBuildFile; fileRef = F68F617819004FF800ED2EC1 /* SwimTimeStandardsTests.m */; };
		F69A720114AB88C400D55127 /* Model_v1_to_v2.xcmappingmodel in Sources */ = {isa = PBXBuildFile; fileRef = F69A720014AB88C400D55127 /* Model_v1_to_v2.xcmappingmodel */; };
		F6A3F2FD12E00457002806DF /* UIImageToDataTransformer.m in Sources */ = {isa = PBXBuildFile; fileRef = F6A3F2FC12E00457002806DF /* UIImageToDataTransformer.m */; };
		F6A3F30212E00571002806DF /* HomeScreenValues.xcdatamodeld in Sources */ = {isa = PBXBuildFile; fileRef = F6A3F30012E00571002806DF /* HomeScreenValues.xcdatamodeld */; };
		F6BB2A75193001D300B1C185 /* STSTimeStandardDataAccess.m in Sources */ = {isa = PBXBuildFile; fileRef = F68F611A19004B5500ED2EC1 /* STSTimeStandardDataAccess.m */; };
		F6BB2A76193001F300B1C185 /* libsqlite3.dylib in Frameworks */ = {isa = PBXBuildFile; fileRef = F6DE03BF121524FC00F749F7 /* libsqlite3.dylib */; };
		F6BB2A7E19300C2000B1C185 /* NSObject+STSGeneralizedNullCheck.m in Sources */ = {isa = PBXBuildFile; fileRef = F6BB2A7D19300C2000B1C185 /* NSObject+STSGeneralizedNullCheck.m */; };
		F6BB2A871932979100B1C185 /* appIcon-29x29.png in Resources */ = {isa = PBXBuildFile; fileRef = F6BB2A7F1932979100B1C185 /* appIcon-29x29.png */; };
		F6BB2A881932979100B1C185 /* appIcon-40x40.png in Resources */ = {isa = PBXBuildFile; fileRef = F6BB2A801932979100B1C185 /* appIcon-40x40.png */; };
		F6BB2A891932979100B1C185 /* appIcon-58x58.png in Resources */ = {isa = PBXBuildFile; fileRef = F6BB2A811932979100B1C185 /* appIcon-58x58.png */; };
		F6BB2A8A1932979100B1C185 /* appIcon-76x76.png in Resources */ = {isa = PBXBuildFile; fileRef = F6BB2A821932979100B1C185 /* appIcon-76x76.png */; };
		F6BB2A8B1932979100B1C185 /* appIcon-80x80.png in Resources */ = {isa = PBXBuildFile; fileRef = F6BB2A831932979100B1C185 /* appIcon-80x80.png */; };
		F6BB2A8C1932979100B1C185 /* appIcon-120x120.png in Resources */ = {isa = PBXBuildFile; fileRef = F6BB2A841932979100B1C185 /* appIcon-120x120.png */; };
		F6BB2A8D1932979100B1C185 /* appIcon-152x152.png in Resources */ = {isa = PBXBuildFile; fileRef = F6BB2A851932979100B1C185 /* appIcon-152x152.png */; };
		F6BB2A8E1932979100B1C185 /* appIcon.png in Resources */ = {isa = PBXBuildFile; fileRef = F6BB2A861932979100B1C185 /* appIcon.png */; };
		F6BB2A951932979C00B1C185 /* headshot~ipad.png in Resources */ = {isa = PBXBuildFile; fileRef = F6BB2A8F1932979C00B1C185 /* headshot~ipad.png */; };
		F6BB2A961932979C00B1C185 /* headshot~ipad@2x.png in Resources */ = {isa = PBXBuildFile; fileRef = F6BB2A901932979C00B1C185 /* headshot~ipad@2x.png */; };
		F6BB2A971932979C00B1C185 /* headshot~iphone.png in Resources */ = {isa = PBXBuildFile; fileRef = F6BB2A911932979C00B1C185 /* headshot~iphone.png */; };
		F6BB2A981932979C00B1C185 /* headshot~iphone@2x.png in Resources */ = {isa = PBXBuildFile; fileRef = F6BB2A921932979C00B1C185 /* headshot~iphone@2x.png */; };
		F6BB2A991932979C00B1C185 /* outdoor_pool.png in Resources */ = {isa = PBXBuildFile; fileRef = F6BB2A931932979C00B1C185 /* outdoor_pool.png */; };
		F6BB2A9A1932979C00B1C185 /* outdoor_pool@2x.png in Resources */ = {isa = PBXBuildFile; fileRef = F6BB2A941932979C00B1C185 /* outdoor_pool@2x.png */; };
		F6BB2A9D19329A4900B1C185 /* screen-shot-iphone-3.png in Resources */ = {isa = PBXBuildFile; fileRef = F6BB2A9B19329A4900B1C185 /* screen-shot-iphone-3.png */; };
		F6BB2A9E19329A4900B1C185 /* screen-shot-iphone.png in Resources */ = {isa = PBXBuildFile; fileRef = F6BB2A9C19329A4900B1C185 /* screen-shot-iphone.png */; };
		F6BB2AA319329AA600B1C185 /* screen-shot-ipad-landscape.png in Resources */ = {isa = PBXBuildFile; fileRef = F6BB2A9F19329AA600B1C185 /* screen-shot-ipad-landscape.png */; };
		F6BB2AA419329AA600B1C185 /* screen-shot-ipad-landscape@2x.png in Resources */ = {isa = PBXBuildFile; fileRef = F6BB2AA019329AA600B1C185 /* screen-shot-ipad-landscape@2x.png */; };
		F6BB2AA519329AA600B1C185 /* screen-shot-ipad-portrait.png in Resources */ = {isa = PBXBuildFile; fileRef = F6BB2AA119329AA600B1C185 /* screen-shot-ipad-portrait.png */; };
		F6BB2AA619329AA600B1C185 /* screen-shot-ipad-portrait@2x.png in Resources */ = {isa = PBXBuildFile; fileRef = F6BB2AA219329AA600B1C185 /* screen-shot-ipad-portrait@2x.png */; };
		F6D2D93912E983450047647A /* iTunesArtwork in Resources */ = {isa = PBXBuildFile; fileRef = F6D2D93812E983450047647A /* iTunesArtwork */; };
		F6DE03C0121524FC00F749F7 /* libsqlite3.dylib in Frameworks */ = {isa = PBXBuildFile; fileRef = F6DE03BF121524FC00F749F7 /* libsqlite3.dylib */; };
		F6EB25721934021000E3B0F4 /* Model_v2_to_v3.xcmappingmodel in Sources */ = {isa = PBXBuildFile; fileRef = F6EB25711934021000E3B0F4 /* Model_v2_to_v3.xcmappingmodel */; };
		F6EB2575193404CD00E3B0F4 /* STSSwimmerListEditTableViewCell+Binding.m in Sources */ = {isa = PBXBuildFile; fileRef = F6EB2574193404CD00E3B0F4 /* STSSwimmerListEditTableViewCell+Binding.m */; };
		F6EB25771934318C00E3B0F4 /* Default-568h@2x.png in Resources */ = {isa = PBXBuildFile; fileRef = F6EB25761934318C00E3B0F4 /* Default-568h@2x.png */; };
		F6EB2579193437D300E3B0F4 /* Model_v1_to_v3.xcmappingmodel in Sources */ = {isa = PBXBuildFile; fileRef = F6EB2578193437D300E3B0F4 /* Model_v1_to_v3.xcmappingmodel */; };
/* End PBXBuildFile section */

/* Begin PBXContainerItemProxy section */
		F68F617B19004FF800ED2EC1 /* PBXContainerItemProxy */ = {
			isa = PBXContainerItemProxy;
			containerPortal = 29B97313FDCFA39411CA2CEA /* Project object */;
			proxyType = 1;
			remoteGlobalIDString = 1D6058900D05DD3D006BFB54;
			remoteInfo = SwimTimeStandards;
		};
/* End PBXContainerItemProxy section */

/* Begin PBXFileReference section */
		1D30AB110D05D00D00671497 /* Foundation.framework */ = {isa = PBXFileReference; lastKnownFileType = wrapper.framework; name = Foundation.framework; path = System/Library/Frameworks/Foundation.framework; sourceTree = SDKROOT; };
		1D6058910D05DD3D006BFB54 /* SwimTimeStandards.app */ = {isa = PBXFileReference; explicitFileType = wrapper.application; includeInIndex = 0; path = SwimTimeStandards.app; sourceTree = BUILT_PRODUCTS_DIR; };
		1DF5F4DF0D08C38300B7A737 /* UIKit.framework */ = {isa = PBXFileReference; lastKnownFileType = wrapper.framework; name = UIKit.framework; path = System/Library/Frameworks/UIKit.framework; sourceTree = SDKROOT; };
		28860BE40F44EE6400985440 /* CoreData.framework */ = {isa = PBXFileReference; lastKnownFileType = wrapper.framework; name = CoreData.framework; path = System/Library/Frameworks/CoreData.framework; sourceTree = SDKROOT; };
		2892E40F0DC94CBA00A64D0F /* CoreGraphics.framework */ = {isa = PBXFileReference; lastKnownFileType = wrapper.framework; name = CoreGraphics.framework; path = System/Library/Frameworks/CoreGraphics.framework; sourceTree = SDKROOT; };
		28A0AAE50D9B0CCF005BE974 /* SwimmingTimeStandards_Prefix.pch */ = {isa = PBXFileReference; fileEncoding = 4; lastKnownFileType = sourcecode.c.h; name = SwimmingTimeStandards_Prefix.pch; path = ../SwimmingTimeStandards_Prefix.pch; sourceTree = "<group>"; };
		29B97316FDCFA39411CA2CEA /* main.m */ = {isa = PBXFileReference; fileEncoding = 4; lastKnownFileType = sourcecode.c.objc; name = main.m; path = ../main.m; sourceTree = "<group>"; };
		8D1107310486CEB800E47090 /* SwimmingTimeStandards-Info.plist */ = {isa = PBXFileReference; fileEncoding = 4; lastKnownFileType = text.plist.xml; name = "SwimmingTimeStandards-Info.plist"; path = "../SwimmingTimeStandards-Info.plist"; plistStructureDefinitionIdentifier = "com.apple.xcode.plist.structure-definition.iphone.info-plist"; sourceTree = "<group>"; };
		F62DD8E614AAE914009E97B5 /* HomeScreenValuesv1.xcdatamodel */ = {isa = PBXFileReference; lastKnownFileType = wrapper.xcdatamodel; path = HomeScreenValuesv1.xcdatamodel; sourceTree = "<group>"; };
		F68F611619004B1A00ED2EC1 /* STSSwimmerDataAccess.h */ = {isa = PBXFileReference; fileEncoding = 4; lastKnownFileType = sourcecode.c.h; path = STSSwimmerDataAccess.h; sourceTree = "<group>"; };
		F68F611719004B1A00ED2EC1 /* STSSwimmerDataAccess.m */ = {isa = PBXFileReference; fileEncoding = 4; lastKnownFileType = sourcecode.c.objc; path = STSSwimmerDataAccess.m; sourceTree = "<group>"; };
		F68F611919004B5500ED2EC1 /* STSTimeStandardDataAccess.h */ = {isa = PBXFileReference; fileEncoding = 4; lastKnownFileType = sourcecode.c.h; path = STSTimeStandardDataAccess.h; sourceTree = "<group>"; };
		F68F611A19004B5500ED2EC1 /* STSTimeStandardDataAccess.m */ = {isa = PBXFileReference; fileEncoding = 4; lastKnownFileType = sourcecode.c.objc; path = STSTimeStandardDataAccess.m; sourceTree = "<group>"; };
		F68F611C19004B9C00ED2EC1 /* STSAppDelegate.h */ = {isa = PBXFileReference; fileEncoding = 4; lastKnownFileType = sourcecode.c.h; path = STSAppDelegate.h; sourceTree = "<group>"; };
		F68F611D19004B9C00ED2EC1 /* STSAppDelegate.m */ = {isa = PBXFileReference; fileEncoding = 4; lastKnownFileType = sourcecode.c.objc; path = STSAppDelegate.m; sourceTree = "<group>"; };
		F68F611E19004B9C00ED2EC1 /* STSGlobals.h */ = {isa = PBXFileReference; fileEncoding = 4; lastKnownFileType = sourcecode.c.h; path = STSGlobals.h; sourceTree = "<group>"; };
		F68F611F19004B9C00ED2EC1 /* STSRootViewController.h */ = {isa = PBXFileReference; fileEncoding = 4; lastKnownFileType = sourcecode.c.h; name = STSRootViewController.h; path = Classes/STSRootViewController.h; sourceTree = "<group>"; };
		F68F612019004B9C00ED2EC1 /* STSRootViewController.m */ = {isa = PBXFileReference; fileEncoding = 4; lastKnownFileType = sourcecode.c.objc; name = STSRootViewController.m; path = Classes/STSRootViewController.m; sourceTree = "<group>"; };
		F68F612319004BDC00ED2EC1 /* STSRootViewController~iPhone.h */ = {isa = PBXFileReference; fileEncoding = 4; lastKnownFileType = sourcecode.c.h; name = "STSRootViewController~iPhone.h"; path = "Classes/STSRootViewController~iPhone.h"; sourceTree = "<group>"; };
		F68F612419004BDC00ED2EC1 /* STSRootViewController~iPhone.m */ = {isa = PBXFileReference; fileEncoding = 4; lastKnownFileType = sourcecode.c.objc; name = "STSRootViewController~iPhone.m"; path = "Classes/STSRootViewController~iPhone.m"; sourceTree = "<group>"; };
		F68F612819004CD900ED2EC1 /* STSSmartTableViewCell.h */ = {isa = PBXFileReference; fileEncoding = 4; lastKnownFileType = sourcecode.c.h; name = STSSmartTableViewCell.h; path = Classes/STSSmartTableViewCell.h; sourceTree = "<group>"; };
		F68F612919004CD900ED2EC1 /* STSSmartTableViewCell.m */ = {isa = PBXFileReference; fileEncoding = 4; lastKnownFileType = sourcecode.c.objc; name = STSSmartTableViewCell.m; path = Classes/STSSmartTableViewCell.m; sourceTree = "<group>"; };
		F68F612B19004CFB00ED2EC1 /* STSTimeStandardHomeScreenTableCell.h */ = {isa = PBXFileReference; fileEncoding = 4; lastKnownFileType = sourcecode.c.h; name = STSTimeStandardHomeScreenTableCell.h; path = Classes/STSTimeStandardHomeScreenTableCell.h; sourceTree = "<group>"; };
		F68F612C19004CFB00ED2EC1 /* STSTimeStandardHomeScreenTableCell.m */ = {isa = PBXFileReference; fileEncoding = 4; lastKnownFileType = sourcecode.c.objc; name = STSTimeStandardHomeScreenTableCell.m; path = Classes/STSTimeStandardHomeScreenTableCell.m; sourceTree = "<group>"; };
		F68F612D19004CFB00ED2EC1 /* STSTimeStandardHomeScreenTableCell+Binding.h */ = {isa = PBXFileReference; fileEncoding = 4; lastKnownFileType = sourcecode.c.h; name = "STSTimeStandardHomeScreenTableCell+Binding.h"; path = "Classes/STSTimeStandardHomeScreenTableCell+Binding.h"; sourceTree = "<group>"; };
		F68F612E19004CFB00ED2EC1 /* STSTimeStandardHomeScreenTableCell+Binding.m */ = {isa = PBXFileReference; fileEncoding = 4; lastKnownFileType = sourcecode.c.objc; name = "STSTimeStandardHomeScreenTableCell+Binding.m"; path = "Classes/STSTimeStandardHomeScreenTableCell+Binding.m"; sourceTree = "<group>"; };
		F68F613119004D1000ED2EC1 /* STSSwimmerHomeScreenTableViewCell.h */ = {isa = PBXFileReference; fileEncoding = 4; lastKnownFileType = sourcecode.c.h; name = STSSwimmerHomeScreenTableViewCell.h; path = Classes/STSSwimmerHomeScreenTableViewCell.h; sourceTree = "<group>"; };
		F68F613219004D1000ED2EC1 /* STSSwimmerHomeScreenTableViewCell.m */ = {isa = PBXFileReference; fileEncoding = 4; lastKnownFileType = sourcecode.c.objc; name = STSSwimmerHomeScreenTableViewCell.m; path = Classes/STSSwimmerHomeScreenTableViewCell.m; sourceTree = "<group>"; };
		F68F613319004D1000ED2EC1 /* STSSwimmerHomeScreenTableViewCell+Binding.h */ = {isa = PBXFileReference; fileEncoding = 4; lastKnownFileType = sourcecode.c.h; name = "STSSwimmerHomeScreenTableViewCell+Binding.h"; path = "Classes/STSSwimmerHomeScreenTableViewCell+Binding.h"; sourceTree = "<group>"; };
		F68F613419004D1000ED2EC1 /* STSSwimmerHomeScreenTableViewCell+Binding.m */ = {isa = PBXFileReference; fileEncoding = 4; lastKnownFileType = sourcecode.c.objc; name = "STSSwimmerHomeScreenTableViewCell+Binding.m"; path = "Classes/STSSwimmerHomeScreenTableViewCell+Binding.m"; sourceTree = "<group>"; };
		F68F613519004D1000ED2EC1 /* STSSwimmerListEditTableViewCell.h */ = {isa = PBXFileReference; fileEncoding = 4; lastKnownFileType = sourcecode.c.h; name = STSSwimmerListEditTableViewCell.h; path = Classes/STSSwimmerListEditTableViewCell.h; sourceTree = "<group>"; };
		F68F613619004D1000ED2EC1 /* STSSwimmerListEditTableViewCell.m */ = {isa = PBXFileReference; fileEncoding = 4; lastKnownFileType = sourcecode.c.objc; name = STSSwimmerListEditTableViewCell.m; path = Classes/STSSwimmerListEditTableViewCell.m; sourceTree = "<group>"; };
		F68F613719004D1000ED2EC1 /* STSSwimmerListTableViewCell.h */ = {isa = PBXFileReference; fileEncoding = 4; lastKnownFileType = sourcecode.c.h; name = STSSwimmerListTableViewCell.h; path = Classes/STSSwimmerListTableViewCell.h; sourceTree = "<group>"; };
		F68F613819004D1000ED2EC1 /* STSSwimmerListTableViewCell.m */ = {isa = PBXFileReference; fileEncoding = 4; lastKnownFileType = sourcecode.c.objc; name = STSSwimmerListTableViewCell.m; path = Classes/STSSwimmerListTableViewCell.m; sourceTree = "<group>"; };
		F68F613919004D1000ED2EC1 /* STSSwimmerListTableViewCell+Binding.h */ = {isa = PBXFileReference; fileEncoding = 4; lastKnownFileType = sourcecode.c.h; name = "STSSwimmerListTableViewCell+Binding.h"; path = "Classes/STSSwimmerListTableViewCell+Binding.h"; sourceTree = "<group>"; };
		F68F613A19004D1000ED2EC1 /* STSSwimmerListTableViewCell+Binding.m */ = {isa = PBXFileReference; fileEncoding = 4; lastKnownFileType = sourcecode.c.objc; name = "STSSwimmerListTableViewCell+Binding.m"; path = "Classes/STSSwimmerListTableViewCell+Binding.m"; sourceTree = "<group>"; };
		F68F614019004D7300ED2EC1 /* STSSwimmerHomeScreenTableViewCell.xib */ = {isa = PBXFileReference; fileEncoding = 4; lastKnownFileType = file.xib; path = STSSwimmerHomeScreenTableViewCell.xib; sourceTree = "<group>"; };
		F68F614119004D7300ED2EC1 /* STSSwimmerListEditTableViewCell.xib */ = {isa = PBXFileReference; fileEncoding = 4; lastKnownFileType = file.xib; path = STSSwimmerListEditTableViewCell.xib; sourceTree = "<group>"; };
		F68F614219004D7300ED2EC1 /* STSSwimmerListTableViewCell.xib */ = {isa = PBXFileReference; fileEncoding = 4; lastKnownFileType = file.xib; path = STSSwimmerListTableViewCell.xib; sourceTree = "<group>"; };
		F68F614319004D7300ED2EC1 /* STSTimeStandardHomeScreenTableCell.xib */ = {isa = PBXFileReference; fileEncoding = 4; lastKnownFileType = file.xib; path = STSTimeStandardHomeScreenTableCell.xib; sourceTree = "<group>"; };
		F68F614919004E4800ED2EC1 /* STSSwimmerController.h */ = {isa = PBXFileReference; fileEncoding = 4; lastKnownFileType = sourcecode.c.h; name = STSSwimmerController.h; path = Classes/STSSwimmerController.h; sourceTree = "<group>"; };
		F68F614A19004E4800ED2EC1 /* STSSwimmerController.m */ = {isa = PBXFileReference; fileEncoding = 4; lastKnownFileType = sourcecode.c.objc; name = STSSwimmerController.m; path = Classes/STSSwimmerController.m; sourceTree = "<group>"; };
		F68F614C19004E7400ED2EC1 /* STSSwimmerDetailViewController.h */ = {isa = PBXFileReference; fileEncoding = 4; lastKnownFileType = sourcecode.c.h; name = STSSwimmerDetailViewController.h; path = Classes/STSSwimmerDetailViewController.h; sourceTree = "<group>"; };
		F68F614D19004E7400ED2EC1 /* STSSwimmerDetailViewController.m */ = {isa = PBXFileReference; fileEncoding = 4; lastKnownFileType = sourcecode.c.objc; name = STSSwimmerDetailViewController.m; path = Classes/STSSwimmerDetailViewController.m; sourceTree = "<group>"; };
		F68F614E19004E7400ED2EC1 /* STSSwimmerPhotoViewController.h */ = {isa = PBXFileReference; fileEncoding = 4; lastKnownFileType = sourcecode.c.h; name = STSSwimmerPhotoViewController.h; path = Classes/STSSwimmerPhotoViewController.h; sourceTree = "<group>"; };
		F68F614F19004E7400ED2EC1 /* STSSwimmerPhotoViewController.m */ = {isa = PBXFileReference; fileEncoding = 4; lastKnownFileType = sourcecode.c.objc; name = STSSwimmerPhotoViewController.m; path = Classes/STSSwimmerPhotoViewController.m; sourceTree = "<group>"; };
		F68F615219004EA300ED2EC1 /* STSTimeStandardAndSwimmerController.h */ = {isa = PBXFileReference; fileEncoding = 4; lastKnownFileType = sourcecode.c.h; name = STSTimeStandardAndSwimmerController.h; path = Classes/STSTimeStandardAndSwimmerController.h; sourceTree = "<group>"; };
		F68F615319004EA300ED2EC1 /* STSTimeStandardAndSwimmerController.m */ = {isa = PBXFileReference; fileEncoding = 4; lastKnownFileType = sourcecode.c.objc; name = STSTimeStandardAndSwimmerController.m; path = Classes/STSTimeStandardAndSwimmerController.m; sourceTree = "<group>"; };
		F68F615419004EA300ED2EC1 /* STSTimeStandardController.h */ = {isa = PBXFileReference; fileEncoding = 4; lastKnownFileType = sourcecode.c.h; name = STSTimeStandardController.h; path = Classes/STSTimeStandardController.h; sourceTree = "<group>"; };
		F68F615519004EA300ED2EC1 /* STSTimeStandardController.m */ = {isa = PBXFileReference; fileEncoding = 4; lastKnownFileType = sourcecode.c.objc; name = STSTimeStandardController.m; path = Classes/STSTimeStandardController.m; sourceTree = "<group>"; };
		F68F615819004EE500ED2EC1 /* STSRootViewViewController~iPad.h */ = {isa = PBXFileReference; fileEncoding = 4; lastKnownFileType = sourcecode.c.h; name = "STSRootViewViewController~iPad.h"; path = "Classes/STSRootViewViewController~iPad.h"; sourceTree = "<group>"; };
		F68F615919004EE500ED2EC1 /* STSRootViewViewController~iPad.m */ = {isa = PBXFileReference; fileEncoding = 4; lastKnownFileType = sourcecode.c.objc; name = "STSRootViewViewController~iPad.m"; path = "Classes/STSRootViewViewController~iPad.m"; sourceTree = "<group>"; };
		F68F615B19004F0200ED2EC1 /* STSSwimmerDetailViewController~iPad.h */ = {isa = PBXFileReference; fileEncoding = 4; lastKnownFileType = sourcecode.c.h; name = "STSSwimmerDetailViewController~iPad.h"; path = "Classes/STSSwimmerDetailViewController~iPad.h"; sourceTree = "<group>"; };
		F68F615C19004F0200ED2EC1 /* STSSwimmerDetailViewController~iPad.m */ = {isa = PBXFileReference; fileEncoding = 4; lastKnownFileType = sourcecode.c.objc; name = "STSSwimmerDetailViewController~iPad.m"; path = "Classes/STSSwimmerDetailViewController~iPad.m"; sourceTree = "<group>"; };
		F68F615E19004F3E00ED2EC1 /* SwimTimes_v4.sqlite */ = {isa = PBXFileReference; lastKnownFileType = file; path = SwimTimes_v4.sqlite; sourceTree = SOURCE_ROOT; };
		F68F616119004F7000ED2EC1 /* MainStoryboard.storyboard */ = {isa = PBXFileReference; fileEncoding = 4; lastKnownFileType = file.storyboard; path = MainStoryboard.storyboard; sourceTree = "<group>"; };
		F68F616219004F7000ED2EC1 /* MainStoryboard~iPad.storyboard */ = {isa = PBXFileReference; fileEncoding = 4; lastKnownFileType = file.storyboard; path = "MainStoryboard~iPad.storyboard"; sourceTree = "<group>"; };
		F68F616D19004FF800ED2EC1 /* SwimTimeStandardsTests.xctest */ = {isa = PBXFileReference; explicitFileType = wrapper.cfbundle; includeInIndex = 0; path = SwimTimeStandardsTests.xctest; sourceTree = BUILT_PRODUCTS_DIR; };
		F68F616E19004FF800ED2EC1 /* XCTest.framework */ = {isa = PBXFileReference; lastKnownFileType = wrapper.framework; name = XCTest.framework; path = Library/Frameworks/XCTest.framework; sourceTree = DEVELOPER_DIR; };
		F68F617419004FF800ED2EC1 /* SwimTimeStandardsTests-Info.plist */ = {isa = PBXFileReference; lastKnownFileType = text.plist.xml; path = "SwimTimeStandardsTests-Info.plist"; sourceTree = "<group>"; };
		F68F617619004FF800ED2EC1 /* en */ = {isa = PBXFileReference; lastKnownFileType = text.plist.strings; name = en; path = en.lproj/InfoPlist.strings; sourceTree = "<group>"; };
		F68F617819004FF800ED2EC1 /* SwimTimeStandardsTests.m */ = {isa = PBXFileReference; lastKnownFileType = sourcecode.c.objc; path = SwimTimeStandardsTests.m; sourceTree = "<group>"; };
		F68F617A19004FF800ED2EC1 /* SwimTimeStandardsTests-Prefix.pch */ = {isa = PBXFileReference; lastKnownFileType = sourcecode.c.h; path = "SwimTimeStandardsTests-Prefix.pch"; sourceTree = "<group>"; };
		F69A720014AB88C400D55127 /* Model_v1_to_v2.xcmappingmodel */ = {isa = PBXFileReference; lastKnownFileType = wrapper.xcmappingmodel; path = Model_v1_to_v2.xcmappingmodel; sourceTree = "<group>"; };
		F6A3F2FB12E00457002806DF /* UIImageToDataTransformer.h */ = {isa = PBXFileReference; fileEncoding = 4; lastKnownFileType = sourcecode.c.h; path = UIImageToDataTransformer.h; sourceTree = "<group>"; };
		F6A3F2FC12E00457002806DF /* UIImageToDataTransformer.m */ = {isa = PBXFileReference; fileEncoding = 4; lastKnownFileType = sourcecode.c.objc; path = UIImageToDataTransformer.m; sourceTree = "<group>"; };
		F6A3F30112E00571002806DF /* HomeScreenValuesv2.xcdatamodel */ = {isa = PBXFileReference; fileEncoding = 4; lastKnownFileType = wrapper.xcdatamodel; path = HomeScreenValuesv2.xcdatamodel; sourceTree = "<group>"; };
		F6BB2A7C19300C2000B1C185 /* NSObject+STSGeneralizedNullCheck.h */ = {isa = PBXFileReference; fileEncoding = 4; lastKnownFileType = sourcecode.c.h; name = "NSObject+STSGeneralizedNullCheck.h"; path = "Classes/NSObject+STSGeneralizedNullCheck.h"; sourceTree = "<group>"; };
		F6BB2A7D19300C2000B1C185 /* NSObject+STSGeneralizedNullCheck.m */ = {isa = PBXFileReference; fileEncoding = 4; lastKnownFileType = sourcecode.c.objc; name = "NSObject+STSGeneralizedNullCheck.m"; path = "Classes/NSObject+STSGeneralizedNullCheck.m"; sourceTree = "<group>"; };
		F6BB2A7F1932979100B1C185 /* appIcon-29x29.png */ = {isa = PBXFileReference; lastKnownFileType = image.png; name = "appIcon-29x29.png"; path = "images/appIcon-29x29.png"; sourceTree = SOURCE_ROOT; };
		F6BB2A801932979100B1C185 /* appIcon-40x40.png */ = {isa = PBXFileReference; lastKnownFileType = image.png; name = "appIcon-40x40.png"; path = "images/appIcon-40x40.png"; sourceTree = SOURCE_ROOT; };
		F6BB2A811932979100B1C185 /* appIcon-58x58.png */ = {isa = PBXFileReference; lastKnownFileType = image.png; name = "appIcon-58x58.png"; path = "images/appIcon-58x58.png"; sourceTree = SOURCE_ROOT; };
		F6BB2A821932979100B1C185 /* appIcon-76x76.png */ = {isa = PBXFileReference; lastKnownFileType = image.png; name = "appIcon-76x76.png"; path = "images/appIcon-76x76.png"; sourceTree = SOURCE_ROOT; };
		F6BB2A831932979100B1C185 /* appIcon-80x80.png */ = {isa = PBXFileReference; lastKnownFileType = image.png; name = "appIcon-80x80.png"; path = "images/appIcon-80x80.png"; sourceTree = SOURCE_ROOT; };
		F6BB2A841932979100B1C185 /* appIcon-120x120.png */ = {isa = PBXFileReference; lastKnownFileType = image.png; name = "appIcon-120x120.png"; path = "images/appIcon-120x120.png"; sourceTree = SOURCE_ROOT; };
		F6BB2A851932979100B1C185 /* appIcon-152x152.png */ = {isa = PBXFileReference; lastKnownFileType = image.png; name = "appIcon-152x152.png"; path = "images/appIcon-152x152.png"; sourceTree = SOURCE_ROOT; };
		F6BB2A861932979100B1C185 /* appIcon.png */ = {isa = PBXFileReference; lastKnownFileType = image.png; name = appIcon.png; path = images/appIcon.png; sourceTree = SOURCE_ROOT; };
		F6BB2A8F1932979C00B1C185 /* headshot~ipad.png */ = {isa = PBXFileReference; lastKnownFileType = image.png; name = "headshot~ipad.png"; path = "images/headshot~ipad.png"; sourceTree = SOURCE_ROOT; };
		F6BB2A901932979C00B1C185 /* headshot~ipad@2x.png */ = {isa = PBXFileReference; lastKnownFileType = image.png; name = "headshot~ipad@2x.png"; path = "images/headshot~ipad@2x.png"; sourceTree = SOURCE_ROOT; };
		F6BB2A911932979C00B1C185 /* headshot~iphone.png */ = {isa = PBXFileReference; lastKnownFileType = image.png; name = "headshot~iphone.png"; path = "images/headshot~iphone.png"; sourceTree = SOURCE_ROOT; };
		F6BB2A921932979C00B1C185 /* headshot~iphone@2x.png */ = {isa = PBXFileReference; lastKnownFileType = image.png; name = "headshot~iphone@2x.png"; path = "images/headshot~iphone@2x.png"; sourceTree = SOURCE_ROOT; };
		F6BB2A931932979C00B1C185 /* outdoor_pool.png */ = {isa = PBXFileReference; lastKnownFileType = image.png; name = outdoor_pool.png; path = images/outdoor_pool.png; sourceTree = SOURCE_ROOT; };
		F6BB2A941932979C00B1C185 /* outdoor_pool@2x.png */ = {isa = PBXFileReference; lastKnownFileType = image.png; name = "outdoor_pool@2x.png"; path = "images/outdoor_pool@2x.png"; sourceTree = SOURCE_ROOT; };
		F6BB2A9B19329A4900B1C185 /* screen-shot-iphone-3.png */ = {isa = PBXFileReference; lastKnownFileType = image.png; name = "screen-shot-iphone-3.png"; path = "images/screen-shot-iphone-3.png"; sourceTree = SOURCE_ROOT; };
		F6BB2A9C19329A4900B1C185 /* screen-shot-iphone.png */ = {isa = PBXFileReference; lastKnownFileType = image.png; name = "screen-shot-iphone.png"; path = "images/screen-shot-iphone.png"; sourceTree = SOURCE_ROOT; };
		F6BB2A9F19329AA600B1C185 /* screen-shot-ipad-landscape.png */ = {isa = PBXFileReference; lastKnownFileType = image.png; name = "screen-shot-ipad-landscape.png"; path = "images/screen-shot-ipad-landscape.png"; sourceTree = SOURCE_ROOT; };
		F6BB2AA019329AA600B1C185 /* screen-shot-ipad-landscape@2x.png */ = {isa = PBXFileReference; lastKnownFileType = image.png; name = "screen-shot-ipad-landscape@2x.png"; path = "images/screen-shot-ipad-landscape@2x.png"; sourceTree = SOURCE_ROOT; };
		F6BB2AA119329AA600B1C185 /* screen-shot-ipad-portrait.png */ = {isa = PBXFileReference; lastKnownFileType = image.png; name = "screen-shot-ipad-portrait.png"; path = "images/screen-shot-ipad-portrait.png"; sourceTree = SOURCE_ROOT; };
		F6BB2AA219329AA600B1C185 /* screen-shot-ipad-portrait@2x.png */ = {isa = PBXFileReference; lastKnownFileType = image.png; name = "screen-shot-ipad-portrait@2x.png"; path = "images/screen-shot-ipad-portrait@2x.png"; sourceTree = SOURCE_ROOT; };
		F6D2D93812E983450047647A /* iTunesArtwork */ = {isa = PBXFileReference; lastKnownFileType = file; path = iTunesArtwork; sourceTree = "<group>"; };
		F6DE03BF121524FC00F749F7 /* libsqlite3.dylib */ = {isa = PBXFileReference; lastKnownFileType = "compiled.mach-o.dylib"; name = libsqlite3.dylib; path = usr/lib/libsqlite3.dylib; sourceTree = SDKROOT; };
		F6EB256C1933F4F900E3B0F4 /* HomeScreenValuesv3.xcdatamodel */ = {isa = PBXFileReference; lastKnownFileType = wrapper.xcdatamodel; path = HomeScreenValuesv3.xcdatamodel; sourceTree = "<group>"; };
		F6EB25711934021000E3B0F4 /* Model_v2_to_v3.xcmappingmodel */ = {isa = PBXFileReference; lastKnownFileType = wrapper.xcmappingmodel; path = Model_v2_to_v3.xcmappingmodel; sourceTree = "<group>"; };
		F6EB2573193404CD00E3B0F4 /* STSSwimmerListEditTableViewCell+Binding.h */ = {isa = PBXFileReference; fileEncoding = 4; lastKnownFileType = sourcecode.c.h; name = "STSSwimmerListEditTableViewCell+Binding.h"; path = "Classes/STSSwimmerListEditTableViewCell+Binding.h"; sourceTree = "<group>"; };
		F6EB2574193404CD00E3B0F4 /* STSSwimmerListEditTableViewCell+Binding.m */ = {isa = PBXFileReference; fileEncoding = 4; lastKnownFileType = sourcecode.c.objc; name = "STSSwimmerListEditTableViewCell+Binding.m"; path = "Classes/STSSwimmerListEditTableViewCell+Binding.m"; sourceTree = "<group>"; };
		F6EB25761934318C00E3B0F4 /* Default-568h@2x.png */ = {isa = PBXFileReference; lastKnownFileType = image.png; path = "Default-568h@2x.png"; sourceTree = "<group>"; };
		F6EB2578193437D300E3B0F4 /* Model_v1_to_v3.xcmappingmodel */ = {isa = PBXFileReference; lastKnownFileType = wrapper.xcmappingmodel; path = Model_v1_to_v3.xcmappingmodel; sourceTree = "<group>"; };
/* End PBXFileReference section */

/* Begin PBXFrameworksBuildPhase section */
		1D60588F0D05DD3D006BFB54 /* Frameworks */ = {
			isa = PBXFrameworksBuildPhase;
			buildActionMask = 2147483647;
			files = (
				1D60589F0D05DD5A006BFB54 /* Foundation.framework in Frameworks */,
				1DF5F4E00D08C38300B7A737 /* UIKit.framework in Frameworks */,
				2892E4100DC94CBA00A64D0F /* CoreGraphics.framework in Frameworks */,
				28860BE50F44EE6400985440 /* CoreData.framework in Frameworks */,
				F6DE03C0121524FC00F749F7 /* libsqlite3.dylib in Frameworks */,
			);
			runOnlyForDeploymentPostprocessing = 0;
		};
		F68F616A19004FF800ED2EC1 /* Frameworks */ = {
			isa = PBXFrameworksBuildPhase;
			buildActionMask = 2147483647;
			files = (
				F68F616F19004FF800ED2EC1 /* XCTest.framework in Frameworks */,
				F68F617119004FF800ED2EC1 /* UIKit.framework in Frameworks */,
				F68F617019004FF800ED2EC1 /* Foundation.framework in Frameworks */,
				F6BB2A76193001F300B1C185 /* libsqlite3.dylib in Frameworks */,
			);
			runOnlyForDeploymentPostprocessing = 0;
		};
/* End PBXFrameworksBuildPhase section */

/* Begin PBXGroup section */
		080E96DDFE201D6D7F000001 /* Application */ = {
			isa = PBXGroup;
			children = (
				F68F611C19004B9C00ED2EC1 /* STSAppDelegate.h */,
				F68F611D19004B9C00ED2EC1 /* STSAppDelegate.m */,
				F68F611E19004B9C00ED2EC1 /* STSGlobals.h */,
				28A0AAE50D9B0CCF005BE974 /* SwimmingTimeStandards_Prefix.pch */,
				29B97316FDCFA39411CA2CEA /* main.m */,
			);
			name = Application;
			path = Classes;
			sourceTree = "<group>";
		};
		19C28FACFE9D520D11CA2CBB /* Products */ = {
			isa = PBXGroup;
			children = (
				1D6058910D05DD3D006BFB54 /* SwimTimeStandards.app */,
				F68F616D19004FF800ED2EC1 /* SwimTimeStandardsTests.xctest */,
			);
			name = Products;
			sourceTree = "<group>";
		};
		29B97314FDCFA39411CA2CEA /* CustomTemplate */ = {
			isa = PBXGroup;
			children = (
				F6EB25761934318C00E3B0F4 /* Default-568h@2x.png */,
				F6BB2A7B19300BF300B1C185 /* Categories */,
				F6D06DEB122CB35100E58473 /* Model */,
				F68F612719004CB300ED2EC1 /* TableViewCells */,
				F68F614819004D9D00ED2EC1 /* ViewControllers */,
				080E96DDFE201D6D7F000001 /* Application */,
				F6D2D93512E983070047647A /* Resources */,
				F68F616019004F5600ED2EC1 /* Storyboards */,
				F68F617219004FF800ED2EC1 /* SwimTimeStandardsTests */,
				29B97323FDCFA39411CA2CEA /* Frameworks */,
				19C28FACFE9D520D11CA2CBB /* Products */,
			);
			name = CustomTemplate;
			sourceTree = "<group>";
		};
		29B97323FDCFA39411CA2CEA /* Frameworks */ = {
			isa = PBXGroup;
			children = (
				1DF5F4DF0D08C38300B7A737 /* UIKit.framework */,
				1D30AB110D05D00D00671497 /* Foundation.framework */,
				2892E40F0DC94CBA00A64D0F /* CoreGraphics.framework */,
				28860BE40F44EE6400985440 /* CoreData.framework */,
				F6DE03BF121524FC00F749F7 /* libsqlite3.dylib */,
				F68F616E19004FF800ED2EC1 /* XCTest.framework */,
			);
			name = Frameworks;
			sourceTree = "<group>";
		};
		F60C668314B0F283006F77F9 /* iPhone */ = {
			isa = PBXGroup;
			children = (
				F68F615419004EA300ED2EC1 /* STSTimeStandardController.h */,
				F68F615519004EA300ED2EC1 /* STSTimeStandardController.m */,
				F68F614919004E4800ED2EC1 /* STSSwimmerController.h */,
				F68F614A19004E4800ED2EC1 /* STSSwimmerController.m */,
				F68F612319004BDC00ED2EC1 /* STSRootViewController~iPhone.h */,
				F68F612419004BDC00ED2EC1 /* STSRootViewController~iPhone.m */,
			);
			name = iPhone;
			sourceTree = "<group>";
		};
		F60C668414B0F296006F77F9 /* Shared */ = {
			isa = PBXGroup;
			children = (
				F68F611F19004B9C00ED2EC1 /* STSRootViewController.h */,
				F68F612019004B9C00ED2EC1 /* STSRootViewController.m */,
				F68F614E19004E7400ED2EC1 /* STSSwimmerPhotoViewController.h */,
				F68F614F19004E7400ED2EC1 /* STSSwimmerPhotoViewController.m */,
				F68F614C19004E7400ED2EC1 /* STSSwimmerDetailViewController.h */,
				F68F614D19004E7400ED2EC1 /* STSSwimmerDetailViewController.m */,
			);
			name = Shared;
			sourceTree = "<group>";
		};
		F646BA7C13DCAEAA00124F9B /* iPad */ = {
			isa = PBXGroup;
			children = (
				F68F615B19004F0200ED2EC1 /* STSSwimmerDetailViewController~iPad.h */,
				F68F615C19004F0200ED2EC1 /* STSSwimmerDetailViewController~iPad.m */,
				F68F615819004EE500ED2EC1 /* STSRootViewViewController~iPad.h */,
				F68F615919004EE500ED2EC1 /* STSRootViewViewController~iPad.m */,
				F68F615219004EA300ED2EC1 /* STSTimeStandardAndSwimmerController.h */,
				F68F615319004EA300ED2EC1 /* STSTimeStandardAndSwimmerController.m */,
			);
			name = iPad;
			sourceTree = "<group>";
		};
		F682B600124EE5E200D1CA61 /* DataAccess */ = {
			isa = PBXGroup;
			children = (
				F68F611919004B5500ED2EC1 /* STSTimeStandardDataAccess.h */,
				F68F611A19004B5500ED2EC1 /* STSTimeStandardDataAccess.m */,
				F68F611619004B1A00ED2EC1 /* STSSwimmerDataAccess.h */,
				F68F611719004B1A00ED2EC1 /* STSSwimmerDataAccess.m */,
			);
			name = DataAccess;
			sourceTree = "<group>";
		};
		F68F612619004C9900ED2EC1 /* images */ = {
			isa = PBXGroup;
			children = (
				F6BB2A9F19329AA600B1C185 /* screen-shot-ipad-landscape.png */,
				F6BB2AA019329AA600B1C185 /* screen-shot-ipad-landscape@2x.png */,
				F6BB2AA119329AA600B1C185 /* screen-shot-ipad-portrait.png */,
				F6BB2AA219329AA600B1C185 /* screen-shot-ipad-portrait@2x.png */,
				F6BB2A9B19329A4900B1C185 /* screen-shot-iphone-3.png */,
				F6BB2A9C19329A4900B1C185 /* screen-shot-iphone.png */,
				F6BB2A8F1932979C00B1C185 /* headshot~ipad.png */,
				F6BB2A901932979C00B1C185 /* headshot~ipad@2x.png */,
				F6BB2A911932979C00B1C185 /* headshot~iphone.png */,
				F6BB2A921932979C00B1C185 /* headshot~iphone@2x.png */,
				F6BB2A931932979C00B1C185 /* outdoor_pool.png */,
				F6BB2A941932979C00B1C185 /* outdoor_pool@2x.png */,
				F6BB2A7F1932979100B1C185 /* appIcon-29x29.png */,
				F6BB2A801932979100B1C185 /* appIcon-40x40.png */,
				F6BB2A811932979100B1C185 /* appIcon-58x58.png */,
				F6BB2A821932979100B1C185 /* appIcon-76x76.png */,
				F6BB2A831932979100B1C185 /* appIcon-80x80.png */,
				F6BB2A841932979100B1C185 /* appIcon-120x120.png */,
				F6BB2A851932979100B1C185 /* appIcon-152x152.png */,
				F6BB2A861932979100B1C185 /* appIcon.png */,
			);
			name = images;
			sourceTree = "<group>";
		};
		F68F612719004CB300ED2EC1 /* TableViewCells */ = {
			isa = PBXGroup;
			children = (
				F68F612819004CD900ED2EC1 /* STSSmartTableViewCell.h */,
				F68F612919004CD900ED2EC1 /* STSSmartTableViewCell.m */,
				F68F613319004D1000ED2EC1 /* STSSwimmerHomeScreenTableViewCell+Binding.h */,
				F68F613419004D1000ED2EC1 /* STSSwimmerHomeScreenTableViewCell+Binding.m */,
				F68F613119004D1000ED2EC1 /* STSSwimmerHomeScreenTableViewCell.h */,
				F68F613219004D1000ED2EC1 /* STSSwimmerHomeScreenTableViewCell.m */,
				F68F614019004D7300ED2EC1 /* STSSwimmerHomeScreenTableViewCell.xib */,
				F6EB2573193404CD00E3B0F4 /* STSSwimmerListEditTableViewCell+Binding.h */,
				F6EB2574193404CD00E3B0F4 /* STSSwimmerListEditTableViewCell+Binding.m */,
				F68F613519004D1000ED2EC1 /* STSSwimmerListEditTableViewCell.h */,
				F68F613619004D1000ED2EC1 /* STSSwimmerListEditTableViewCell.m */,
				F68F614119004D7300ED2EC1 /* STSSwimmerListEditTableViewCell.xib */,
				F68F613919004D1000ED2EC1 /* STSSwimmerListTableViewCell+Binding.h */,
				F68F613A19004D1000ED2EC1 /* STSSwimmerListTableViewCell+Binding.m */,
				F68F613719004D1000ED2EC1 /* STSSwimmerListTableViewCell.h */,
				F68F613819004D1000ED2EC1 /* STSSwimmerListTableViewCell.m */,
				F68F614219004D7300ED2EC1 /* STSSwimmerListTableViewCell.xib */,
				F68F612D19004CFB00ED2EC1 /* STSTimeStandardHomeScreenTableCell+Binding.h */,
				F68F612E19004CFB00ED2EC1 /* STSTimeStandardHomeScreenTableCell+Binding.m */,
				F68F612B19004CFB00ED2EC1 /* STSTimeStandardHomeScreenTableCell.h */,
				F68F612C19004CFB00ED2EC1 /* STSTimeStandardHomeScreenTableCell.m */,
				F68F614319004D7300ED2EC1 /* STSTimeStandardHomeScreenTableCell.xib */,
			);
			name = TableViewCells;
			sourceTree = "<group>";
		};
		F68F614819004D9D00ED2EC1 /* ViewControllers */ = {
			isa = PBXGroup;
			children = (
				F60C668414B0F296006F77F9 /* Shared */,
				F60C668314B0F283006F77F9 /* iPhone */,
				F646BA7C13DCAEAA00124F9B /* iPad */,
			);
			name = ViewControllers;
			sourceTree = "<group>";
		};
		F68F616019004F5600ED2EC1 /* Storyboards */ = {
			isa = PBXGroup;
			children = (
				F68F616119004F7000ED2EC1 /* MainStoryboard.storyboard */,
				F68F616219004F7000ED2EC1 /* MainStoryboard~iPad.storyboard */,
			);
			name = Storyboards;
			sourceTree = "<group>";
		};
		F68F617219004FF800ED2EC1 /* SwimTimeStandardsTests */ = {
			isa = PBXGroup;
			children = (
				F68F617819004FF800ED2EC1 /* SwimTimeStandardsTests.m */,
				F68F617319004FF800ED2EC1 /* Supporting Files */,
			);
			path = SwimTimeStandardsTests;
			sourceTree = "<group>";
		};
		F68F617319004FF800ED2EC1 /* Supporting Files */ = {
			isa = PBXGroup;
			children = (
				F68F617419004FF800ED2EC1 /* SwimTimeStandardsTests-Info.plist */,
				F68F617519004FF800ED2EC1 /* InfoPlist.strings */,
				F68F617A19004FF800ED2EC1 /* SwimTimeStandardsTests-Prefix.pch */,
			);
			name = "Supporting Files";
			sourceTree = "<group>";
		};
		F6BB2A7B19300BF300B1C185 /* Categories */ = {
			isa = PBXGroup;
			children = (
				F6BB2A7C19300C2000B1C185 /* NSObject+STSGeneralizedNullCheck.h */,
				F6BB2A7D19300C2000B1C185 /* NSObject+STSGeneralizedNullCheck.m */,
			);
			name = Categories;
			sourceTree = "<group>";
		};
		F6D06DEB122CB35100E58473 /* Model */ = {
			isa = PBXGroup;
			children = (
				F69A720014AB88C400D55127 /* Model_v1_to_v2.xcmappingmodel */,
				F6EB25711934021000E3B0F4 /* Model_v2_to_v3.xcmappingmodel */,
				F6EB2578193437D300E3B0F4 /* Model_v1_to_v3.xcmappingmodel */,
				F6A3F30012E00571002806DF /* HomeScreenValues.xcdatamodeld */,
				F6A3F2FB12E00457002806DF /* UIImageToDataTransformer.h */,
				F6A3F2FC12E00457002806DF /* UIImageToDataTransformer.m */,
				F682B600124EE5E200D1CA61 /* DataAccess */,
			);
			name = Model;
			path = Classes;
			sourceTree = "<group>";
		};
		F6D2D93512E983070047647A /* Resources */ = {
			isa = PBXGroup;
			children = (
				F68F615E19004F3E00ED2EC1 /* SwimTimes_v4.sqlite */,
				F6D2D93812E983450047647A /* iTunesArtwork */,
				8D1107310486CEB800E47090 /* SwimmingTimeStandards-Info.plist */,
				F68F612619004C9900ED2EC1 /* images */,
			);
			name = Resources;
			path = Classes;
			sourceTree = "<group>";
		};
/* End PBXGroup section */

/* Begin PBXNativeTarget section */
		1D6058900D05DD3D006BFB54 /* SwimTimeStandards */ = {
			isa = PBXNativeTarget;
			buildConfigurationList = 1D6058960D05DD3E006BFB54 /* Build configuration list for PBXNativeTarget "SwimTimeStandards" */;
			buildPhases = (
				1D60588D0D05DD3D006BFB54 /* Resources */,
				1D60588E0D05DD3D006BFB54 /* Sources */,
				1D60588F0D05DD3D006BFB54 /* Frameworks */,
			);
			buildRules = (
			);
			dependencies = (
			);
			name = SwimTimeStandards;
			productName = SwimmingTimeStandards;
			productReference = 1D6058910D05DD3D006BFB54 /* SwimTimeStandards.app */;
			productType = "com.apple.product-type.application";
		};
		F68F616C19004FF800ED2EC1 /* SwimTimeStandardsTests */ = {
			isa = PBXNativeTarget;
			buildConfigurationList = F68F617D19004FF800ED2EC1 /* Build configuration list for PBXNativeTarget "SwimTimeStandardsTests" */;
			buildPhases = (
				F68F616919004FF800ED2EC1 /* Sources */,
				F68F616A19004FF800ED2EC1 /* Frameworks */,
				F68F616B19004FF800ED2EC1 /* Resources */,
			);
			buildRules = (
			);
			dependencies = (
				F68F617C19004FF800ED2EC1 /* PBXTargetDependency */,
			);
			name = SwimTimeStandardsTests;
			productName = SwimTimeStandardsTests;
			productReference = F68F616D19004FF800ED2EC1 /* SwimTimeStandardsTests.xctest */;
			productType = "com.apple.product-type.bundle.unit-test";
		};
/* End PBXNativeTarget section */

/* Begin PBXProject section */
		29B97313FDCFA39411CA2CEA /* Project object */ = {
			isa = PBXProject;
			attributes = {
				LastUpgradeCheck = 0510;
				TargetAttributes = {
					1D6058900D05DD3D006BFB54 = {
						DevelopmentTeam = ZT7E887Q9H;
					};
					F68F616C19004FF800ED2EC1 = {
						TestTargetID = 1D6058900D05DD3D006BFB54;
					};
				};
			};
			buildConfigurationList = C01FCF4E08A954540054247B /* Build configuration list for PBXProject "SwimmingTimeStandards" */;
			compatibilityVersion = "Xcode 3.2";
			developmentRegion = English;
			hasScannedForEncodings = 1;
			knownRegions = (
				English,
				Japanese,
				French,
				German,
				en,
			);
			mainGroup = 29B97314FDCFA39411CA2CEA /* CustomTemplate */;
			projectDirPath = "";
			projectRoot = "";
			targets = (
				1D6058900D05DD3D006BFB54 /* SwimTimeStandards */,
				F68F616C19004FF800ED2EC1 /* SwimTimeStandardsTests */,
			);
		};
/* End PBXProject section */

/* Begin PBXResourcesBuildPhase section */
		1D60588D0D05DD3D006BFB54 /* Resources */ = {
			isa = PBXResourcesBuildPhase;
			buildActionMask = 2147483647;
			files = (
				F6BB2A8C1932979100B1C185 /* appIcon-120x120.png in Resources */,
				F68F614719004D7300ED2EC1 /* STSTimeStandardHomeScreenTableCell.xib in Resources */,
				F6BB2AA319329AA600B1C185 /* screen-shot-ipad-landscape.png in Resources */,
				F6BB2A881932979100B1C185 /* appIcon-40x40.png in Resources */,
				F6BB2AA419329AA600B1C185 /* screen-shot-ipad-landscape@2x.png in Resources */,
				F6BB2A971932979C00B1C185 /* headshot~iphone.png in Resources */,
				F6EB25771934318C00E3B0F4 /* Default-568h@2x.png in Resources */,
				F6D2D93912E983450047647A /* iTunesArtwork in Resources */,
				F6BB2A8E1932979100B1C185 /* appIcon.png in Resources */,
				F68F616319004F7000ED2EC1 /* MainStoryboard.storyboard in Resources */,
				F6BB2A8D1932979100B1C185 /* appIcon-152x152.png in Resources */,
				F6BB2AA619329AA600B1C185 /* screen-shot-ipad-portrait@2x.png in Resources */,
				F6BB2A9D19329A4900B1C185 /* screen-shot-iphone-3.png in Resources */,
				F6BB2A891932979100B1C185 /* appIcon-58x58.png in Resources */,
				F68F614619004D7300ED2EC1 /* STSSwimmerListTableViewCell.xib in Resources */,
				F6BB2A951932979C00B1C185 /* headshot~ipad.png in Resources */,
				F6BB2A9A1932979C00B1C185 /* outdoor_pool@2x.png in Resources */,
				F6BB2A981932979C00B1C185 /* headshot~iphone@2x.png in Resources */,
				F68F614419004D7300ED2EC1 /* STSSwimmerHomeScreenTableViewCell.xib in Resources */,
				F68F616419004F7000ED2EC1 /* MainStoryboard~iPad.storyboard in Resources */,
				F6BB2A871932979100B1C185 /* appIcon-29x29.png in Resources */,
				F6BB2A8A1932979100B1C185 /* appIcon-76x76.png in Resources */,
				F68F615F19004F3E00ED2EC1 /* SwimTimes_v4.sqlite in Resources */,
				F68F614519004D7300ED2EC1 /* STSSwimmerListEditTableViewCell.xib in Resources */,
				F6BB2A9E19329A4900B1C185 /* screen-shot-iphone.png in Resources */,
				F6BB2A961932979C00B1C185 /* headshot~ipad@2x.png in Resources */,
				F6BB2A991932979C00B1C185 /* outdoor_pool.png in Resources */,
				F6BB2AA519329AA600B1C185 /* screen-shot-ipad-portrait.png in Resources */,
				F6BB2A8B1932979100B1C185 /* appIcon-80x80.png in Resources */,
			);
			runOnlyForDeploymentPostprocessing = 0;
		};
		F68F616B19004FF800ED2EC1 /* Resources */ = {
			isa = PBXResourcesBuildPhase;
			buildActionMask = 2147483647;
			files = (
				F68F617719004FF800ED2EC1 /* InfoPlist.strings in Resources */,
			);
			runOnlyForDeploymentPostprocessing = 0;
		};
/* End PBXResourcesBuildPhase section */

/* Begin PBXSourcesBuildPhase section */
		1D60588E0D05DD3D006BFB54 /* Sources */ = {
			isa = PBXSourcesBuildPhase;
			buildActionMask = 2147483647;
			files = (
				1D60589B0D05DD56006BFB54 /* main.m in Sources */,
				F68F613E19004D1000ED2EC1 /* STSSwimmerListTableViewCell.m in Sources */,
				F68F612519004BDC00ED2EC1 /* STSRootViewController~iPhone.m in Sources */,
				F6EB25721934021000E3B0F4 /* Model_v2_to_v3.xcmappingmodel in Sources */,
				F68F612119004B9C00ED2EC1 /* STSAppDelegate.m in Sources */,
				F68F615D19004F0200ED2EC1 /* STSSwimmerDetailViewController~iPad.m in Sources */,
				F68F615719004EA300ED2EC1 /* STSTimeStandardController.m in Sources */,
				F6A3F2FD12E00457002806DF /* UIImageToDataTransformer.m in Sources */,
				F6EB2575193404CD00E3B0F4 /* STSSwimmerListEditTableViewCell+Binding.m in Sources */,
				F6A3F30212E00571002806DF /* HomeScreenValues.xcdatamodeld in Sources */,
				F68F615019004E7400ED2EC1 /* STSSwimmerDetailViewController.m in Sources */,
				F68F612A19004CD900ED2EC1 /* STSSmartTableViewCell.m in Sources */,
				F68F613C19004D1000ED2EC1 /* STSSwimmerHomeScreenTableViewCell+Binding.m in Sources */,
				F6BB2A7E19300C2000B1C185 /* NSObject+STSGeneralizedNullCheck.m in Sources */,
				F69A720114AB88C400D55127 /* Model_v1_to_v2.xcmappingmodel in Sources */,
				F68F615619004EA300ED2EC1 /* STSTimeStandardAndSwimmerController.m in Sources */,
				F68F611819004B1A00ED2EC1 /* STSSwimmerDataAccess.m in Sources */,
				F68F612219004B9C00ED2EC1 /* STSRootViewController.m in Sources */,
				F68F613B19004D1000ED2EC1 /* STSSwimmerHomeScreenTableViewCell.m in Sources */,
				F68F615119004E7400ED2EC1 /* STSSwimmerPhotoViewController.m in Sources */,
				F68F615A19004EE500ED2EC1 /* STSRootViewViewController~iPad.m in Sources */,
				F68F613F19004D1000ED2EC1 /* STSSwimmerListTableViewCell+Binding.m in Sources */,
				F68F612F19004CFB00ED2EC1 /* STSTimeStandardHomeScreenTableCell.m in Sources */,
				F68F613D19004D1000ED2EC1 /* STSSwimmerListEditTableViewCell.m in Sources */,
				F6EB2579193437D300E3B0F4 /* Model_v1_to_v3.xcmappingmodel in Sources */,
				F68F611B19004B5500ED2EC1 /* STSTimeStandardDataAccess.m in Sources */,
				F68F613019004CFB00ED2EC1 /* STSTimeStandardHomeScreenTableCell+Binding.m in Sources */,
				F68F614B19004E4800ED2EC1 /* STSSwimmerController.m in Sources */,
			);
			runOnlyForDeploymentPostprocessing = 0;
		};
		F68F616919004FF800ED2EC1 /* Sources */ = {
			isa = PBXSourcesBuildPhase;
			buildActionMask = 2147483647;
			files = (
				F6BB2A75193001D300B1C185 /* STSTimeStandardDataAccess.m in Sources */,
				F68F617919004FF800ED2EC1 /* SwimTimeStandardsTests.m in Sources */,
			);
			runOnlyForDeploymentPostprocessing = 0;
		};
/* End PBXSourcesBuildPhase section */

/* Begin PBXTargetDependency section */
		F68F617C19004FF800ED2EC1 /* PBXTargetDependency */ = {
			isa = PBXTargetDependency;
			target = 1D6058900D05DD3D006BFB54 /* SwimTimeStandards */;
			targetProxy = F68F617B19004FF800ED2EC1 /* PBXContainerItemProxy */;
		};
/* End PBXTargetDependency section */

/* Begin PBXVariantGroup section */
		F68F617519004FF800ED2EC1 /* InfoPlist.strings */ = {
			isa = PBXVariantGroup;
			children = (
				F68F617619004FF800ED2EC1 /* en */,
			);
			name = InfoPlist.strings;
			sourceTree = "<group>";
		};
/* End PBXVariantGroup section */

/* Begin XCBuildConfiguration section */
		1D6058940D05DD3E006BFB54 /* Debug */ = {
			isa = XCBuildConfiguration;
			buildSettings = {
				ALWAYS_SEARCH_USER_PATHS = NO;
				CLANG_ENABLE_OBJC_ARC = YES;
				CODE_SIGN_IDENTITY = "iPhone Developer";
				"CODE_SIGN_IDENTITY[sdk=iphoneos*]" = "iPhone Developer";
				COPY_PHASE_STRIP = NO;
				GCC_DYNAMIC_NO_PIC = NO;
				GCC_OPTIMIZATION_LEVEL = 0;
				GCC_PRECOMPILE_PREFIX_HEADER = YES;
				GCC_PREFIX_HEADER = SwimmingTimeStandards_Prefix.pch;
				GCC_THUMB_SUPPORT = NO;
				INFOPLIST_FILE = "SwimmingTimeStandards-Info.plist";
				IPHONEOS_DEPLOYMENT_TARGET = 7.0;
				PRODUCT_NAME = SwimTimeStandards;
				PROVISIONING_PROFILE = "";
				"PROVISIONING_PROFILE[sdk=iphoneos*]" = "";
				SDKROOT = iphoneos;
				TARGETED_DEVICE_FAMILY = "1,2";
			};
			name = Debug;
		};
		1D6058950D05DD3E006BFB54 /* Release */ = {
			isa = XCBuildConfiguration;
			buildSettings = {
				ALWAYS_SEARCH_USER_PATHS = NO;
				CLANG_ENABLE_OBJC_ARC = YES;
				CODE_SIGN_IDENTITY = "iPhone Distribution";
				"CODE_SIGN_IDENTITY[sdk=iphoneos*]" = "iPhone Distribution";
				COPY_PHASE_STRIP = YES;
				GCC_PRECOMPILE_PREFIX_HEADER = YES;
				GCC_PREFIX_HEADER = SwimmingTimeStandards_Prefix.pch;
				GCC_THUMB_SUPPORT = NO;
				INFOPLIST_FILE = "SwimmingTimeStandards-Info.plist";
				IPHONEOS_DEPLOYMENT_TARGET = 7.0;
				PRODUCT_NAME = SwimTimeStandards;
				PROVISIONING_PROFILE = "F2A30F65-88BD-4D38-B91F-553A22A601F1";
				"PROVISIONING_PROFILE[sdk=iphoneos*]" = "F2A30F65-88BD-4D38-B91F-553A22A601F1";
				SDKROOT = iphoneos;
				TARGETED_DEVICE_FAMILY = "1,2";
				VALIDATE_PRODUCT = YES;
			};
			name = Release;
		};
		C01FCF4F08A954540054247B /* Debug */ = {
			isa = XCBuildConfiguration;
			buildSettings = {
				CODE_SIGN_IDENTITY = "iPhone Developer";
				"CODE_SIGN_IDENTITY[sdk=iphoneos*]" = "iPhone Developer";
				GCC_C_LANGUAGE_STANDARD = c99;
				GCC_WARN_ABOUT_MISSING_PROTOTYPES = YES;
				GCC_WARN_ABOUT_RETURN_TYPE = YES;
				GCC_WARN_UNUSED_VARIABLE = YES;
				IPHONEOS_DEPLOYMENT_TARGET = 5.1;
				ONLY_ACTIVE_ARCH = YES;
				PROVISIONING_PROFILE = "";
				"PROVISIONING_PROFILE[sdk=iphoneos*]" = "";
				SDKROOT = iphoneos;
			};
			name = Debug;
		};
		C01FCF5008A954540054247B /* Release */ = {
			isa = XCBuildConfiguration;
			buildSettings = {
				CODE_SIGN_IDENTITY = "iPhone Distribution";
				"CODE_SIGN_IDENTITY[sdk=iphoneos*]" = "iPhone Distribution";
				GCC_C_LANGUAGE_STANDARD = c99;
				GCC_WARN_ABOUT_MISSING_PROTOTYPES = YES;
				GCC_WARN_ABOUT_RETURN_TYPE = YES;
				GCC_WARN_UNUSED_VARIABLE = YES;
				IPHONEOS_DEPLOYMENT_TARGET = 5.1;
				OTHER_CFLAGS = "-DNS_BLOCK_ASSERTIONS=1";
				PROVISIONING_PROFILE = "";
				"PROVISIONING_PROFILE[sdk=iphoneos*]" = "";
				SDKROOT = iphoneos;
			};
			name = Release;
		};
		F68F617E19004FF800ED2EC1 /* Debug */ = {
			isa = XCBuildConfiguration;
			buildSettings = {
				ALWAYS_SEARCH_USER_PATHS = NO;
				BUNDLE_LOADER = "$(BUILT_PRODUCTS_DIR)/SwimTimeStandards.app/SwimTimeStandards";
				CLANG_CXX_LANGUAGE_STANDARD = "gnu++0x";
				CLANG_CXX_LIBRARY = "libc++";
				CLANG_ENABLE_MODULES = YES;
				CLANG_ENABLE_OBJC_ARC = YES;
				CLANG_WARN_BOOL_CONVERSION = YES;
				CLANG_WARN_CONSTANT_CONVERSION = YES;
				CLANG_WARN_DIRECT_OBJC_ISA_USAGE = YES_ERROR;
				CLANG_WARN_EMPTY_BODY = YES;
				CLANG_WARN_ENUM_CONVERSION = YES;
				CLANG_WARN_INT_CONVERSION = YES;
				CLANG_WARN_OBJC_ROOT_CLASS = YES_ERROR;
				CLANG_WARN__DUPLICATE_METHOD_MATCH = YES;
				COPY_PHASE_STRIP = NO;
				FRAMEWORK_SEARCH_PATHS = (
					"$(SDKROOT)/Developer/Library/Frameworks",
					"$(inherited)",
					"$(DEVELOPER_FRAMEWORKS_DIR)",
				);
				GCC_C_LANGUAGE_STANDARD = gnu99;
				GCC_DYNAMIC_NO_PIC = NO;
				GCC_OPTIMIZATION_LEVEL = 0;
				GCC_PRECOMPILE_PREFIX_HEADER = YES;
				GCC_PREFIX_HEADER = "SwimTimeStandardsTests/SwimTimeStandardsTests-Prefix.pch";
				GCC_PREPROCESSOR_DEFINITIONS = (
					"DEBUG=1",
					"$(inherited)",
				);
				GCC_SYMBOLS_PRIVATE_EXTERN = NO;
				GCC_WARN_64_TO_32_BIT_CONVERSION = YES;
				GCC_WARN_ABOUT_RETURN_TYPE = YES_ERROR;
				GCC_WARN_UNDECLARED_SELECTOR = YES;
				GCC_WARN_UNINITIALIZED_AUTOS = YES_AGGRESSIVE;
				GCC_WARN_UNUSED_FUNCTION = YES;
				INFOPLIST_FILE = "SwimTimeStandardsTests/SwimTimeStandardsTests-Info.plist";
				IPHONEOS_DEPLOYMENT_TARGET = 7.1;
				ONLY_ACTIVE_ARCH = YES;
				PRODUCT_NAME = "$(TARGET_NAME)";
				TEST_HOST = "$(BUNDLE_LOADER)";
				WRAPPER_EXTENSION = xctest;
			};
			name = Debug;
		};
		F68F617F19004FF800ED2EC1 /* Release */ = {
			isa = XCBuildConfiguration;
			buildSettings = {
				ALWAYS_SEARCH_USER_PATHS = NO;
				BUNDLE_LOADER = "$(BUILT_PRODUCTS_DIR)/SwimTimeStandards.app/SwimTimeStandards";
				CLANG_CXX_LANGUAGE_STANDARD = "gnu++0x";
				CLANG_CXX_LIBRARY = "libc++";
				CLANG_ENABLE_MODULES = YES;
				CLANG_ENABLE_OBJC_ARC = YES;
				CLANG_WARN_BOOL_CONVERSION = YES;
				CLANG_WARN_CONSTANT_CONVERSION = YES;
				CLANG_WARN_DIRECT_OBJC_ISA_USAGE = YES_ERROR;
				CLANG_WARN_EMPTY_BODY = YES;
				CLANG_WARN_ENUM_CONVERSION = YES;
				CLANG_WARN_INT_CONVERSION = YES;
				CLANG_WARN_OBJC_ROOT_CLASS = YES_ERROR;
				CLANG_WARN__DUPLICATE_METHOD_MATCH = YES;
				COPY_PHASE_STRIP = YES;
				ENABLE_NS_ASSERTIONS = NO;
				FRAMEWORK_SEARCH_PATHS = (
					"$(SDKROOT)/Developer/Library/Frameworks",
					"$(inherited)",
					"$(DEVELOPER_FRAMEWORKS_DIR)",
				);
				GCC_C_LANGUAGE_STANDARD = gnu99;
				GCC_PRECOMPILE_PREFIX_HEADER = YES;
				GCC_PREFIX_HEADER = "SwimTimeStandardsTests/SwimTimeStandardsTests-Prefix.pch";
				GCC_WARN_64_TO_32_BIT_CONVERSION = YES;
				GCC_WARN_ABOUT_RETURN_TYPE = YES_ERROR;
				GCC_WARN_UNDECLARED_SELECTOR = YES;
				GCC_WARN_UNINITIALIZED_AUTOS = YES_AGGRESSIVE;
				GCC_WARN_UNUSED_FUNCTION = YES;
				INFOPLIST_FILE = "SwimTimeStandardsTests/SwimTimeStandardsTests-Info.plist";
				IPHONEOS_DEPLOYMENT_TARGET = 7.1;
				PRODUCT_NAME = "$(TARGET_NAME)";
				TEST_HOST = "$(BUNDLE_LOADER)";
				VALIDATE_PRODUCT = YES;
				WRAPPER_EXTENSION = xctest;
			};
			name = Release;
		};
		F68F618019004FF800ED2EC1 /* Ad Hoc */ = {
			isa = XCBuildConfiguration;
			buildSettings = {
				ALWAYS_SEARCH_USER_PATHS = NO;
				BUNDLE_LOADER = "$(BUILT_PRODUCTS_DIR)/SwimTimeStandards.app/SwimTimeStandards";
				CLANG_CXX_LANGUAGE_STANDARD = "gnu++0x";
				CLANG_CXX_LIBRARY = "libc++";
				CLANG_ENABLE_MODULES = YES;
				CLANG_ENABLE_OBJC_ARC = YES;
				CLANG_WARN_BOOL_CONVERSION = YES;
				CLANG_WARN_CONSTANT_CONVERSION = YES;
				CLANG_WARN_DIRECT_OBJC_ISA_USAGE = YES_ERROR;
				CLANG_WARN_EMPTY_BODY = YES;
				CLANG_WARN_ENUM_CONVERSION = YES;
				CLANG_WARN_INT_CONVERSION = YES;
				CLANG_WARN_OBJC_ROOT_CLASS = YES_ERROR;
				CLANG_WARN__DUPLICATE_METHOD_MATCH = YES;
				COPY_PHASE_STRIP = YES;
				ENABLE_NS_ASSERTIONS = NO;
				FRAMEWORK_SEARCH_PATHS = (
					"$(SDKROOT)/Developer/Library/Frameworks",
					"$(inherited)",
					"$(DEVELOPER_FRAMEWORKS_DIR)",
				);
				GCC_C_LANGUAGE_STANDARD = gnu99;
				GCC_PRECOMPILE_PREFIX_HEADER = YES;
				GCC_PREFIX_HEADER = "SwimTimeStandardsTests/SwimTimeStandardsTests-Prefix.pch";
				GCC_WARN_64_TO_32_BIT_CONVERSION = YES;
				GCC_WARN_ABOUT_RETURN_TYPE = YES_ERROR;
				GCC_WARN_UNDECLARED_SELECTOR = YES;
				GCC_WARN_UNINITIALIZED_AUTOS = YES_AGGRESSIVE;
				GCC_WARN_UNUSED_FUNCTION = YES;
				INFOPLIST_FILE = "SwimTimeStandardsTests/SwimTimeStandardsTests-Info.plist";
				IPHONEOS_DEPLOYMENT_TARGET = 7.1;
				PRODUCT_NAME = "$(TARGET_NAME)";
				TEST_HOST = "$(BUNDLE_LOADER)";
				VALIDATE_PRODUCT = YES;
				WRAPPER_EXTENSION = xctest;
			};
			name = "Ad Hoc";
		};
		F6CE852D13B47F320045FA4E /* Ad Hoc */ = {
			isa = XCBuildConfiguration;
			buildSettings = {
				CODE_SIGN_IDENTITY = "iPhone Distribution";
				"CODE_SIGN_IDENTITY[sdk=iphoneos*]" = "iPhone Distribution";
				GCC_C_LANGUAGE_STANDARD = c99;
				GCC_WARN_ABOUT_MISSING_PROTOTYPES = YES;
				GCC_WARN_ABOUT_RETURN_TYPE = YES;
				GCC_WARN_UNUSED_VARIABLE = YES;
				IPHONEOS_DEPLOYMENT_TARGET = 5.1;
				OTHER_CFLAGS = "-DNS_BLOCK_ASSERTIONS=1";
				PROVISIONING_PROFILE = "";
				"PROVISIONING_PROFILE[sdk=iphoneos*]" = "";
				SDKROOT = iphoneos;
			};
			name = "Ad Hoc";
		};
		F6CE852E13B47F320045FA4E /* Ad Hoc */ = {
			isa = XCBuildConfiguration;
			buildSettings = {
				ALWAYS_SEARCH_USER_PATHS = NO;
				CLANG_ENABLE_OBJC_ARC = YES;
				CODE_SIGN_IDENTITY = "iPhone Developer";
				"CODE_SIGN_IDENTITY[sdk=*]" = "iPhone Distribution";
				"CODE_SIGN_IDENTITY[sdk=iphoneos*]" = "iPhone Developer";
				COPY_PHASE_STRIP = YES;
				GCC_PRECOMPILE_PREFIX_HEADER = YES;
				GCC_PREFIX_HEADER = SwimmingTimeStandards_Prefix.pch;
				GCC_THUMB_SUPPORT = NO;
				INFOPLIST_FILE = "SwimmingTimeStandards-Info.plist";
				IPHONEOS_DEPLOYMENT_TARGET = 7.0;
				PRODUCT_NAME = SwimTimeStandards;
				PROVISIONING_PROFILE = "";
				"PROVISIONING_PROFILE[sdk=*]" = "";
				"PROVISIONING_PROFILE[sdk=iphoneos*]" = "";
				SDKROOT = iphoneos;
				TARGETED_DEVICE_FAMILY = "1,2";
				VALIDATE_PRODUCT = YES;
			};
			name = "Ad Hoc";
		};
/* End XCBuildConfiguration section */

/* Begin XCConfigurationList section */
		1D6058960D05DD3E006BFB54 /* Build configuration list for PBXNativeTarget "SwimTimeStandards" */ = {
			isa = XCConfigurationList;
			buildConfigurations = (
				1D6058940D05DD3E006BFB54 /* Debug */,
				1D6058950D05DD3E006BFB54 /* Release */,
				F6CE852E13B47F320045FA4E /* Ad Hoc */,
			);
			defaultConfigurationIsVisible = 0;
			defaultConfigurationName = Release;
		};
		C01FCF4E08A954540054247B /* Build configuration list for PBXProject "SwimmingTimeStandards" */ = {
			isa = XCConfigurationList;
			buildConfigurations = (
				C01FCF4F08A954540054247B /* Debug */,
				C01FCF5008A954540054247B /* Release */,
				F6CE852D13B47F320045FA4E /* Ad Hoc */,
			);
			defaultConfigurationIsVisible = 0;
			defaultConfigurationName = Release;
		};
		F68F617D19004FF800ED2EC1 /* Build configuration list for PBXNativeTarget "SwimTimeStandardsTests" */ = {
			isa = XCConfigurationList;
			buildConfigurations = (
				F68F617E19004FF800ED2EC1 /* Debug */,
				F68F617F19004FF800ED2EC1 /* Release */,
				F68F618019004FF800ED2EC1 /* Ad Hoc */,
			);
			defaultConfigurationIsVisible = 0;
			defaultConfigurationName = Release;
		};
/* End XCConfigurationList section */

/* Begin XCVersionGroup section */
		F6A3F30012E00571002806DF /* HomeScreenValues.xcdatamodeld */ = {
			isa = XCVersionGroup;
			children = (
				F6EB256C1933F4F900E3B0F4 /* HomeScreenValuesv3.xcdatamodel */,
				F62DD8E614AAE914009E97B5 /* HomeScreenValuesv1.xcdatamodel */,
				F6A3F30112E00571002806DF /* HomeScreenValuesv2.xcdatamodel */,
			);
			currentVersion = F6EB256C1933F4F900E3B0F4 /* HomeScreenValuesv3.xcdatamodel */;
			path = HomeScreenValues.xcdatamodeld;
			sourceTree = "<group>";
			versionGroupType = wrapper.xcdatamodel;
		};
/* End XCVersionGroup section */
	};
	rootObject = 29B97313FDCFA39411CA2CEA /* Project object */;
}
